{
  "version": 4,
  "terraform_version": "1.3.7",
  "serial": 58,
  "lineage": "1ed5cb46-c86b-ecc5-f92f-8d0e189a1432",
  "outputs": {
    "cluster_client_certificate": {
      "value": "LS0tLS1CRUdJTiBDRVJUSUZJQ0FURS0tLS0tCk1JSUZIVENDQXdXZ0F3SUJBZ0lRYzc2MzVPV3R1enBueTQ3dVJJQm8vVEFOQmdrcWhraUc5dzBCQVFzRkFEQU4KTVFzd0NRWURWUVFERXdKallUQWVGdzB5TXpBeU1UUXdOakEwTXpSYUZ3MHlOVEF5TVRRd05qRTBNelJhTURBeApGekFWQmdOVkJBb1REbk41YzNSbGJUcHRZWE4wWlhKek1SVXdFd1lEVlFRREV3eHRZWE4wWlhKamJHbGxiblF3CmdnSWlNQTBHQ1NxR1NJYjNEUUVCQVFVQUE0SUNEd0F3Z2dJS0FvSUNBUUN3ZVVUd3FyOXFzWFlucUhSbFFtUjMKQjJwNGRmVXpJL3Jmb2V2Ky9WQldydkR6TkN2Ynl6MmhvczZnbzFCL0t2M3k4SEtjTlZwWGk2NnpQQ2h3bk56agpVbVJnL2JPa1ZDNG5EMHVMcWtuOUs3YXI1Q29OcUZ1eXMzbENTL1pkQVJNdmU4emVMTDVURFo1Vk9RTmJVTWdRCmJualF2UHdqUE5OQ0ZmcExTNGRWYVhHcENSUVo4cENiYno4ejd1YXVHTUQ1U1pyS0t6cGJhd01KQVVBZHp6NkgKVVRTanZyRnZqcExtUDZEc0g4VmdydmhDQ1RLQVVSZVhpb240SXlqVU5IOE9ERDcwS0RkeUllSVJ1dTFiVEtMMwpsd0NWNzNId3BmR0x6VEFSd2hJcy8xMHJVcTZocFNjM3dNSHk3VWgzNlBYQW8wbGwwTU5WQjVBdEhOd2puR0hRClNZcXFqZENUV2JsOGRpNlg2Z0VRMysvakJXRTNxR1M1WkUyMWZyQldZU1FLdFlnOFgwaE1lbzhpK25QWmhXR2QKWWFHU2hIOXpvTzhsRnNmMGxXaitMd3lzdG1hczMySU43eEFIcHJQWFp4L04vWkhBR2FLRHBITU9EMUM4MGJJWQptOGhYU0dlbHNuc1JkSkRlVnI2RzQzWDNxdisvamtkL1h0WW9ibldSak91empUQUhrcUtRTHE5d0dJMndlMGZKCmYweHJIWlk3WnhhTW55U1BycDRMTWlmdHhVUnNyUzlKdTNBNVFqV0JOem9UQXBKdTRSWHlsMG1ydnYxaFdhSlYKeTUxayswc0JpVTFXdkQxSG03Z1IwWGNZeXRRVFU3c2hzQ1dWdldpUEt5cm9HSGpGWFo5ejF2cWphMHNNNFpoYQpSc294TG95M016SUc1NVRDK3JRSWdRSURBUUFCbzFZd1ZEQU9CZ05WSFE4QkFmOEVCQU1DQmFBd0V3WURWUjBsCkJBd3dDZ1lJS3dZQkJRVUhBd0l3REFZRFZSMFRBUUgvQkFJd0FEQWZCZ05WSFNNRUdEQVdnQlNtS01DaVpMeWMKaWlFWnNUcGp5TWZraWtQWnpEQU5CZ2txaGtpRzl3MEJBUXNGQUFPQ0FnRUFLY2IwUXdhWGc3UnBqby9Hd0JTWgo0VUNVSHhYT0xseklZRGJwbXVnQ21ONWdldFBjc21JV3hrRHcrWHVJNGNQWUF6Zk94cTJXendjenlaUVMvVktQCk8wVlU3Y1BCL21YVGtwL2g4T0tkYkdJamFFRytEY0hEV2pOaU5XWU5YbHFvZGJpZC8xK0ZuREh1WmdEb29rakcKUHpIZHRWaHVoOUlWalJpQnNVc0NDOVBDSXZZSllnaGljYi9zaDNZbExBaHpJOUlxbHRoV2plaHJnTHNxY0QwOQp2OG0yVHZsVXdMQThhaHBPaHFXT0NKaXVDWnNqL1F2R25Pc09oWXYrS3lrMXQ1WUVxMGNRQnRleXZoMyt0SmxzCkF6dFBhZ3dBcEdlUDVVRXIyWHFmWDQ2bGtKSHdqVUEyR1VMcVdOMzExUnFJK3AvYkFhd2JpTlVJZlBNSVY4UnIKUEpRQ1V2bTZWa1BWdTdJdVFkeXdXSlF5NUx4aFM1MUpxK0RpU3FUUU9xbTJhK0ZjNEs3aXJpUlh4UlVhZFpJQQp4SVpwQ1ZUUmZhY0lkdzA3dHo5a05YZVJBV3JtRlNaZzNVbkJ3UnJQZ0J3WDRSeXZuYUFMVHVrTGl4a2FBNXZvCk5ZZDRDRVJveWk5OTM2dkkvQnZNSTNpczRqd0U3S1lzZ0tFb0RUZEJVUGlqOG4wL296S2g1aW5mUGp0WHh4RFMKbGtGaXlUc2dUM3dxWmxWSngrTGUzTk5la2JJcG0xaHFwa3dBYVZZMlc3K1cxQjlLbVVPVmJQaUxld21YblEyVAorLzNWWUJIaHpMNWRXZCtxSHpMTDlQMXgyc0hYaHRmQ2l3bU5MOGxsRmNPcVI5SUt2SythWTBNUUJGTkY1dER0CllESW5TbU93TkxSZkZvRThkNVAxTEFrPQotLS0tLUVORCBDRVJUSUZJQ0FURS0tLS0tCg==",
      "type": "string",
      "sensitive": true
    },
    "cluster_client_key": {
      "value": "LS0tLS1CRUdJTiBSU0EgUFJJVkFURSBLRVktLS0tLQpNSUlKS1FJQkFBS0NBZ0VBc0hsRThLcS9hckYySjZoMFpVSmtkd2RxZUhYMU15UDYzNkhyL3YxUVZxN3c4elFyCjI4czlvYUxPb0tOUWZ5cjk4dkJ5bkRWYVY0dXVzendvY0p6YzQxSmtZUDJ6cEZRdUp3OUxpNnBKL1N1MnErUXEKRGFoYnNyTjVRa3YyWFFFVEwzdk0zaXkrVXcyZVZUa0RXMURJRUc1NDBMejhJenpUUWhYNlMwdUhWV2x4cVFrVQpHZktRbTI4L00rN21yaGpBK1VtYXlpczZXMnNEQ1FGQUhjOCtoMUUwbzc2eGI0NlM1aitnN0IvRllLNzRRZ2t5CmdGRVhsNHFKK0NNbzFEUi9EZ3crOUNnM2NpSGlFYnJ0VzB5aTk1Y0FsZTl4OEtYeGk4MHdFY0lTTFA5ZEsxS3UKb2FVbk44REI4dTFJZCtqMXdLTkpaZEREVlFlUUxSemNJNXhoMEVtS3FvM1FrMW01ZkhZdWwrb0JFTi92NHdWaApONmhrdVdSTnRYNndWbUVrQ3JXSVBGOUlUSHFQSXZwejJZVmhuV0doa29SL2M2RHZKUmJIOUpWby9pOE1yTFptCnJOOWlEZThRQjZhejEyY2Z6ZjJSd0JtaWc2UnpEZzlRdk5HeUdKdklWMGhucGJKN0VYU1EzbGEraHVOMTk2ci8KdjQ1SGYxN1dLRzUxa1l6cnM0MHdCNUtpa0M2dmNCaU5zSHRIeVg5TWF4MldPMmNXako4a2o2NmVDekluN2NWRQpiSzB2U2J0d09VSTFnVGM2RXdLU2J1RVY4cGRKcTc3OVlWbWlWY3VkWlB0TEFZbE5Wcnc5UjV1NEVkRjNHTXJVCkUxTzdJYkFsbGIxb2p5c3E2Qmg0eFYyZmM5YjZvMnRMRE9HWVdrYktNUzZNdHpNeUJ1ZVV3dnEwQ0lFQ0F3RUEKQVFLQ0FnQXNkUUIzR0t6TU5oU3IvUFlGcEdvbXlrbDZPMDBnS3dwQ1dFcFpuSHNtdXorY0pTSi9abjRLUURlSgpwRnJkRG5tWFFCZS9Ybmw1NElpTVFyVjFXUzhVWFdkSVArR0hubVZhRmJKVVp2dm91YUIxUVMrTzdVRGNqZllZClM0YXUrMXhYOC9veVpsYzBHUlF3S0FLK2VHVk9MbVpsUDViTlViOXV3SmFqYlUyVXFOR25ZZEFja1V6NHUxZlMKdjNhQm1WN1Q3a1QrZFZGb1FsY3JaNU05Yno0elhMUEVKSUFTdUhvdFl3NHBMZi9OVVliZEsrLzYvM0xRREdpaAppRW42MjVhK2RUdE95dXJjNThoSjZ5dHNlcXY3YjZFSUpLQXhuYnh5R2Fqb2NGbWYyRjBpVXR3SGdOR1diQXJ3CkpmTEJzb0JtblR3YVdETTlNb0NSdk5tQVp4OEVyTE52Y2pidzBITG1FYUhEYU1oOGo2NWZjM2ZVVkU2Y0M3eEIKbnlMNHhCc2RmWW1RRE9iZ1ZPYVlDc0JjTDVPS3RzUTZWbkRnMDlHd1NLY3VVaFJyZlpPb2M2SjlRaXVteFY0MApMR3I1R2VjUmpaTmZyVEhuSE83Ly9Pbjg5UXl4WXN6MVNUVDBrb083aUtUZEg3OUs0SkFpdEk4UU5IMXRXd09wCkhFWThKWjJmS1htcEhYUnkyVVNQYWg3ZFVvVi9VdnpWRHFlUWROeEJxQUtVYWZmYmJCaWlZWW5vT2VnVVVQNFgKYlFnbHRPT1FjcCt1Y0NwQ25XUEpvTTE0MmFXaXQ5MXhkMk1WV1hpakxWWDY0bTlCZE9RdHh4UHpLdlhNWS9zTgpwM2lpZFBveUx0STlWWVZkdkl3YkthWFUzL1lITXBHZmg2dndwZDhNenNmWmQzR25lUUtDQVFFQXkvdjFRdkdxCk1KRHZjdXdpRE10ZkNSMm4xQk5LQkFqY3R2VGpaT3l6UVVSbnI5Uk1GcXd4ckZZRk1UMXZUME50S3JBb0laQ3IKVTJnVmtBUTg0UVBPOG1kM3pmNi9FWUwrZUp2azBwS1Z1VGJJSVN0bWhIbXJhNUREZnMwTG1ycjU3UW9EWERkagphL21xa2pOK2JyU0pmRU1xWmtWQ21iYjE1S242eGROVVl1cWhwNk5wWmxpVjFvZXBPR3ZNYU1VK0xFaUhld0JwClQwcW9rdXJseVVmNXBKOGdoWVh4RDZLNnlLTi8yZmt4cmNwM0xZQlFVWEQvMDhTRkVhS0VaYS94NVc1VUZoT24KK1R0b2xpUklvSllEKzlsaUJ2VUpMWFdqQ1h6Nm5kMGIzem1vTHdNemFoL1d2S3hobmtBZmJUeEFCWmppWGVuQQpSMFAxZDhFSkRtNVdwd0tDQVFFQTNYbHVsM2FTZGtuWllzY1Vtb0Z2V1E0WXphVURBY0E5cFEvc01OUGJsR3FxCjY0czZGWFVhcDJuU0lNaG5ESmtGT2xiMkRVcUduQkpjM1NQT29qWUZ6am4vMjYwNXpadnYySjc0VlU1YTBPdHIKVWhMNHVaTFdVVW5MRzhtWUhEMGpHQldQMVpQUEt6M2JxdkRtWk5LbjJEZzlmUVNZQVJsVXlDYVlKenVkaE9jSwpDS1E5VG9oT2E4T0pma0Y0SVhuTkozajg2dDBKY1NFcUdUOFZoejQ2N0VZT3ZoeUxYMFh4RlU4bTlCSzJlcCt2CjFQSFoxNHlYbUdockxDVFlyOTU1cFY0SEhTY0d3T0hpSmRUa0xqemhkR2FRcWR0WWNIOS9EcjNxb091V1VJMlAKaUtLQTNoYjJHMnl2RHUwOXp2NE94V20zWForRWJoY0dGdGhIOTNNMGx3S0NBUUVBdTZtSVlWYzljTUxXV0E4Zgo0RTkxbGtoZkwzK3pkM1REd2RvWUhiQ1oxWERlUjJmenZHUWNxdVRVa0JGcUJ5ME1FTnJSZ05lOGx0WktDQjJ0CitJRnRjWnQ1SDkyKzRKaDREbk8xbDNoZUlIQml2QWxXbm9mbENlZTd3enRXOHJvVDFseUE3T1RVSmZFaVdMRGgKSDI0ZWttQ2tjRVJGMm03MVY3SjkwR1AwM2Evb212WitzRGJOV3ZtaDJCTnNrZkxzbVFiOUJVOUNrejBuUzBxcApybnoyRWRxSHErK203L0NSRUtkQ3AwRlgwQUJWbGxuWENxWC81azZFOGMxbktyb3N2QnU5WmpZZE1mRFM3bFpoCkxzUDAxRTJRbnIvdCtwR2dOY2x5TTZ2SXlad2N1MnVoY0gvc0tkWVpWT0svUnRySU41NEltOGZDS280K0ZUZFYKWXA1bVB3S0NBUUExcGN1UEx1NnRicGdVNEVweVhyWWRLVmdDd0Z6cEdLc1dCN1JiNDRYRi9zeW1QOVJ6RENuSApzYzl2bDN1MnhuNUlzblhwcEVyVkZYR2ZNNlJERUxqNVNuMWF0aXhSVE51ZGFteVhKV0xFUnJKNWNCVUZ4cmJaCmUvbVNJcFFSQ3hJc0xGVHFGR0xUZzZscFQrOVBMdVB2Y1RnYngzZ1dsQTlBYUhEazJBRUJCNEliczhVUjk5eWYKSi85dk1PYXJuVGgvdmtQdGxGdE1Kdzl1akNSbjNVQWlxWm02bldsNVM1VHBaNEgxRDI5YVpzSU40QU8zdmR1ZQoxSFJaZmhkckNvWUc4NjdmZGV1aDMxV0xlblZIYWdIbTAwMXBoN04xbEx5dlVudTZQVGJ0RGsxZGVKZWt0SVVyCkFYbXFNUGVPNDJXcWxrQVBrcXRlaTM4ekczTGJVdkhEQW9JQkFRQzQrUXFTOTBnb2QvZysvVkdzZkN1T214UEYKaFN3VjVFanZxNWJUV2Z5eTVhWFlFcUw2UmZTRHVrc0UyZ1Ywd1BVT2Z4TU85U3lBc2doODdnQXZTMVE4SWVLMApJWUFuSkQxaEhvVGNaYUxtTThPdStsL2laeFAzcVhRSm9MVlR0KzM2K2RTelNDKzdyV0xwbDJXbzhQcGVDcjJMCmMvandHdEpCYzgzZlNCenc5M2ZKVVNLelZza2h2TGNoK0M0bWVIR1ZvRmF2TUFENXJkSEpsY01KRmpuTkpoamsKcWFnM3A0eWRxeDBkZHhGZmErcXFWdkpORWdRdFZTbDd5RmsrVHI5alRPck1KMHZLb1J4d1Q2ZjlLUktPM1FBWQpseHBVSWVzeDNDR3lUL21QK3NkV0syNjE0S3E5MEllYnFYTkFOelZadmw0RS9TWE5lR1Nkakp2TWtKRngKLS0tLS1FTkQgUlNBIFBSSVZBVEUgS0VZLS0tLS0K",
      "type": "string",
      "sensitive": true
    },
    "cluster_cluster_ca_certificate": {
      "value": "LS0tLS1CRUdJTiBDRVJUSUZJQ0FURS0tLS0tCk1JSUU2RENDQXRDZ0F3SUJBZ0lRWkhxYzlZazl0VEp4RHl1VUdRc1N0VEFOQmdrcWhraUc5dzBCQVFzRkFEQU4KTVFzd0NRWURWUVFERXdKallUQWdGdzB5TXpBeU1UUXdOakEwTXpSYUdBOHlNRFV6TURJeE5EQTJNVFF6TkZvdwpEVEVMTUFrR0ExVUVBeE1DWTJFd2dnSWlNQTBHQ1NxR1NJYjNEUUVCQVFVQUE0SUNEd0F3Z2dJS0FvSUNBUUNaCm1GclhmNUhPeGVDL3o0TFZ6ZzJWYWJYZlJjL1o5OWgwR3BxUkM3NGFjMllORFJablFxRXVWd01FTTRQMFNDTmYKd0ZOWkFxV3FXL0Ywc3gweEZWTkNEUlBJUmhEb3NmZWYxZHFHdXZZWjBHRlBWZXFoS2lvUks4OW9WZEJrMmUxawovU3ZLdkNNMVNieUNqYU1XdjZWUDdiV0YrYnFuczR0RUlhemZPcFQ2UTgxdVdEdEtZOWZwb1ozd0hFWEF3aGhHCkVvM3o3akRLV1JkU0FzNVNCeCtmMTFvRmpHOUtsSDJEUzhHTGRmVGhFbHFxNDM4NENwSDIvaWFxMklseTRmT0gKbWpRd3NkVG1NWm9vdUhxWlFUT21HenJxMWlCK0tHRVRpdEV2N1lvdEdIblZjTjVOQkMySDh2OVhkeDdRUjM1SApZVkp4bDNEVFpDUWgvcURIalp1QUEzdDU5QlJjdW8rMjZPTldkaThSZ2ExOGFKZjRucjRnZ2VoODg2a0JRSFRTCk85Vk12ZGVPZnZsdStjcStwNWxyMnRPdGovY0ZhcTZyU1FIVFYreVFwRHlVcEV1RHpnMnhxbFhaeHo4Ri90ZDkKUGQ3S3h1RHZabEJuSVBhQ2ZCRk8rMG1DMlU4cnVJYlROUHJWSHFqWDZpSzFWT3dJcWc2dlBjOTlJNWd0Tmt1TgpNVld2SXFFL21BSWpCbGJ0QXhuVjArYlFMRThzSGkwTDFIL2ppQ2NmbWdMNHh1QXZ2SlFzZVk4L05mNzAzOGthCmdFL3NpRjQ0b0wyaUUxOS9nSXg5VSs4MlYwSkVNNk10U0V4Z0pIc2dYT1Y4U3NLUTkxQk00NGZiYTNCdy9aK3gKMHhBTlhMWGczVUM5MHpNR2VOZmxNL3Z3UUpmNnM4YkRsRE9sdVltUnB3SURBUUFCbzBJd1FEQU9CZ05WSFE4QgpBZjhFQkFNQ0FxUXdEd1lEVlIwVEFRSC9CQVV3QXdFQi96QWRCZ05WSFE0RUZnUVVwaWpBb21TOG5Jb2hHYkU2Clk4akg1SXBEMmN3d0RRWUpLb1pJaHZjTkFRRUxCUUFEZ2dJQkFDNFR2cUdzb0FsRUJ4dXhrMnBOVWx6SmlieTgKZndBZG4wM3BRalNST0NNWnlMRzNsMmFndkU4SnRDS2dlaDR6N2x6SjgxQ3dkYldSWm1Cck9iL2hZZmp4N2o2Mgp6bDY1V3N1WXFEQWQybXpFRTRZR3YvY3NoUXVKbzlZNyt2M1Y2T0g1K2RIRjFjOE9saE9yTVp1enNCS2RkTTVICmczMVdwcm9VRi9QUkxnZ1BEbHRQTndSNWFqWHZ5OVE1RzBQcWVXbVY4RmhEMlk0RU1HS1VWang2aE1GMXVhaEwKR29ZMFYwcElyd0hBYis0cENNWmVUaEJMNWZLa1QwNFdVcDNubjE3YTlEQm5jTHIwMU51UUd2Vlo2NlpaMGd5Ngp1czgzWFVYdWJxMk5FaUxucTVCb2oveEpRRU5MUWtjL25neWN3c0VtSUlKSk42Umd3c1NjME1Nd1l3OTZScnJaCndtY1VMY2RRZDNIdzNVRWRPdjBycTl5dDhESW04RmFCR3M4NDNQWnl3UXhZYzBoY2l0YjF6Tno5S1dtaWNBMloKMlZmSXIyb3hLVEt5aHRMOVdadDNrV2tTODBvQnVXVW1pZGJYRG4yU0paTktEQUdGTlNXRC9DV1QwekF0KzAxQwp4ak1vUFdQQlFTK1d1eDB5K09ia1Y5K21sWVZEMlpLNGFNSnpDN3VyQ3FOVm9CNHh0aklwMHRrNURWeHJkZEFrCjMveWtNeVE3YWFPcnN3V3RMcVpzMS9ldGxhNmg4NjdRMjJSY0twekRQWUtOek5aVFZ6cGx5M1N2cEZmVDhETGoKYTlSTThNYnQrY1VZK0lmWmhZYk9uRmFuVDg5MGFnV2g1TVMzamhiMVIrRTRqVEx2aDR1dXFLTXRjc0RpdkFDNwpwc2lSbUJ0M0tqMXdjREVuCi0tLS0tRU5EIENFUlRJRklDQVRFLS0tLS0K",
      "type": "string",
      "sensitive": true
    },
    "cluster_cluster_password": {
      "value": "c22c0b4b3fe23ef27baddb88f6324bff025e6211177d1ea3796c602f3616cf0b404fd49af0acc6645c151130a95842a40d4269302c85b37adedca48ef5ffc849",
      "type": "string",
      "sensitive": true
    },
    "cluster_cluster_username": {
      "value": "clusterUser_flixtubex9_flixtubex9",
      "type": "string",
      "sensitive": true
    },
    "cluster_host": {
      "value": "https://flixtubex9-17800747.hcp.southeastasia.azmk8s.io:443",
      "type": "string",
      "sensitive": true
    },
    "cluster_kube_config": {
      "value": "apiVersion: v1\nclusters:\n- cluster:\n    certificate-authority-data: LS0tLS1CRUdJTiBDRVJUSUZJQ0FURS0tLS0tCk1JSUU2RENDQXRDZ0F3SUJBZ0lRWkhxYzlZazl0VEp4RHl1VUdRc1N0VEFOQmdrcWhraUc5dzBCQVFzRkFEQU4KTVFzd0NRWURWUVFERXdKallUQWdGdzB5TXpBeU1UUXdOakEwTXpSYUdBOHlNRFV6TURJeE5EQTJNVFF6TkZvdwpEVEVMTUFrR0ExVUVBeE1DWTJFd2dnSWlNQTBHQ1NxR1NJYjNEUUVCQVFVQUE0SUNEd0F3Z2dJS0FvSUNBUUNaCm1GclhmNUhPeGVDL3o0TFZ6ZzJWYWJYZlJjL1o5OWgwR3BxUkM3NGFjMllORFJablFxRXVWd01FTTRQMFNDTmYKd0ZOWkFxV3FXL0Ywc3gweEZWTkNEUlBJUmhEb3NmZWYxZHFHdXZZWjBHRlBWZXFoS2lvUks4OW9WZEJrMmUxawovU3ZLdkNNMVNieUNqYU1XdjZWUDdiV0YrYnFuczR0RUlhemZPcFQ2UTgxdVdEdEtZOWZwb1ozd0hFWEF3aGhHCkVvM3o3akRLV1JkU0FzNVNCeCtmMTFvRmpHOUtsSDJEUzhHTGRmVGhFbHFxNDM4NENwSDIvaWFxMklseTRmT0gKbWpRd3NkVG1NWm9vdUhxWlFUT21HenJxMWlCK0tHRVRpdEV2N1lvdEdIblZjTjVOQkMySDh2OVhkeDdRUjM1SApZVkp4bDNEVFpDUWgvcURIalp1QUEzdDU5QlJjdW8rMjZPTldkaThSZ2ExOGFKZjRucjRnZ2VoODg2a0JRSFRTCk85Vk12ZGVPZnZsdStjcStwNWxyMnRPdGovY0ZhcTZyU1FIVFYreVFwRHlVcEV1RHpnMnhxbFhaeHo4Ri90ZDkKUGQ3S3h1RHZabEJuSVBhQ2ZCRk8rMG1DMlU4cnVJYlROUHJWSHFqWDZpSzFWT3dJcWc2dlBjOTlJNWd0Tmt1TgpNVld2SXFFL21BSWpCbGJ0QXhuVjArYlFMRThzSGkwTDFIL2ppQ2NmbWdMNHh1QXZ2SlFzZVk4L05mNzAzOGthCmdFL3NpRjQ0b0wyaUUxOS9nSXg5VSs4MlYwSkVNNk10U0V4Z0pIc2dYT1Y4U3NLUTkxQk00NGZiYTNCdy9aK3gKMHhBTlhMWGczVUM5MHpNR2VOZmxNL3Z3UUpmNnM4YkRsRE9sdVltUnB3SURBUUFCbzBJd1FEQU9CZ05WSFE4QgpBZjhFQkFNQ0FxUXdEd1lEVlIwVEFRSC9CQVV3QXdFQi96QWRCZ05WSFE0RUZnUVVwaWpBb21TOG5Jb2hHYkU2Clk4akg1SXBEMmN3d0RRWUpLb1pJaHZjTkFRRUxCUUFEZ2dJQkFDNFR2cUdzb0FsRUJ4dXhrMnBOVWx6SmlieTgKZndBZG4wM3BRalNST0NNWnlMRzNsMmFndkU4SnRDS2dlaDR6N2x6SjgxQ3dkYldSWm1Cck9iL2hZZmp4N2o2Mgp6bDY1V3N1WXFEQWQybXpFRTRZR3YvY3NoUXVKbzlZNyt2M1Y2T0g1K2RIRjFjOE9saE9yTVp1enNCS2RkTTVICmczMVdwcm9VRi9QUkxnZ1BEbHRQTndSNWFqWHZ5OVE1RzBQcWVXbVY4RmhEMlk0RU1HS1VWang2aE1GMXVhaEwKR29ZMFYwcElyd0hBYis0cENNWmVUaEJMNWZLa1QwNFdVcDNubjE3YTlEQm5jTHIwMU51UUd2Vlo2NlpaMGd5Ngp1czgzWFVYdWJxMk5FaUxucTVCb2oveEpRRU5MUWtjL25neWN3c0VtSUlKSk42Umd3c1NjME1Nd1l3OTZScnJaCndtY1VMY2RRZDNIdzNVRWRPdjBycTl5dDhESW04RmFCR3M4NDNQWnl3UXhZYzBoY2l0YjF6Tno5S1dtaWNBMloKMlZmSXIyb3hLVEt5aHRMOVdadDNrV2tTODBvQnVXVW1pZGJYRG4yU0paTktEQUdGTlNXRC9DV1QwekF0KzAxQwp4ak1vUFdQQlFTK1d1eDB5K09ia1Y5K21sWVZEMlpLNGFNSnpDN3VyQ3FOVm9CNHh0aklwMHRrNURWeHJkZEFrCjMveWtNeVE3YWFPcnN3V3RMcVpzMS9ldGxhNmg4NjdRMjJSY0twekRQWUtOek5aVFZ6cGx5M1N2cEZmVDhETGoKYTlSTThNYnQrY1VZK0lmWmhZYk9uRmFuVDg5MGFnV2g1TVMzamhiMVIrRTRqVEx2aDR1dXFLTXRjc0RpdkFDNwpwc2lSbUJ0M0tqMXdjREVuCi0tLS0tRU5EIENFUlRJRklDQVRFLS0tLS0K\n    server: https://flixtubex9-17800747.hcp.southeastasia.azmk8s.io:443\n  name: flixtubex9\ncontexts:\n- context:\n    cluster: flixtubex9\n    user: clusterUser_flixtubex9_flixtubex9\n  name: flixtubex9\ncurrent-context: flixtubex9\nkind: Config\npreferences: {}\nusers:\n- name: clusterUser_flixtubex9_flixtubex9\n  user:\n    client-certificate-data: LS0tLS1CRUdJTiBDRVJUSUZJQ0FURS0tLS0tCk1JSUZIVENDQXdXZ0F3SUJBZ0lRYzc2MzVPV3R1enBueTQ3dVJJQm8vVEFOQmdrcWhraUc5dzBCQVFzRkFEQU4KTVFzd0NRWURWUVFERXdKallUQWVGdzB5TXpBeU1UUXdOakEwTXpSYUZ3MHlOVEF5TVRRd05qRTBNelJhTURBeApGekFWQmdOVkJBb1REbk41YzNSbGJUcHRZWE4wWlhKek1SVXdFd1lEVlFRREV3eHRZWE4wWlhKamJHbGxiblF3CmdnSWlNQTBHQ1NxR1NJYjNEUUVCQVFVQUE0SUNEd0F3Z2dJS0FvSUNBUUN3ZVVUd3FyOXFzWFlucUhSbFFtUjMKQjJwNGRmVXpJL3Jmb2V2Ky9WQldydkR6TkN2Ynl6MmhvczZnbzFCL0t2M3k4SEtjTlZwWGk2NnpQQ2h3bk56agpVbVJnL2JPa1ZDNG5EMHVMcWtuOUs3YXI1Q29OcUZ1eXMzbENTL1pkQVJNdmU4emVMTDVURFo1Vk9RTmJVTWdRCmJualF2UHdqUE5OQ0ZmcExTNGRWYVhHcENSUVo4cENiYno4ejd1YXVHTUQ1U1pyS0t6cGJhd01KQVVBZHp6NkgKVVRTanZyRnZqcExtUDZEc0g4VmdydmhDQ1RLQVVSZVhpb240SXlqVU5IOE9ERDcwS0RkeUllSVJ1dTFiVEtMMwpsd0NWNzNId3BmR0x6VEFSd2hJcy8xMHJVcTZocFNjM3dNSHk3VWgzNlBYQW8wbGwwTU5WQjVBdEhOd2puR0hRClNZcXFqZENUV2JsOGRpNlg2Z0VRMysvakJXRTNxR1M1WkUyMWZyQldZU1FLdFlnOFgwaE1lbzhpK25QWmhXR2QKWWFHU2hIOXpvTzhsRnNmMGxXaitMd3lzdG1hczMySU43eEFIcHJQWFp4L04vWkhBR2FLRHBITU9EMUM4MGJJWQptOGhYU0dlbHNuc1JkSkRlVnI2RzQzWDNxdisvamtkL1h0WW9ibldSak91empUQUhrcUtRTHE5d0dJMndlMGZKCmYweHJIWlk3WnhhTW55U1BycDRMTWlmdHhVUnNyUzlKdTNBNVFqV0JOem9UQXBKdTRSWHlsMG1ydnYxaFdhSlYKeTUxayswc0JpVTFXdkQxSG03Z1IwWGNZeXRRVFU3c2hzQ1dWdldpUEt5cm9HSGpGWFo5ejF2cWphMHNNNFpoYQpSc294TG95M016SUc1NVRDK3JRSWdRSURBUUFCbzFZd1ZEQU9CZ05WSFE4QkFmOEVCQU1DQmFBd0V3WURWUjBsCkJBd3dDZ1lJS3dZQkJRVUhBd0l3REFZRFZSMFRBUUgvQkFJd0FEQWZCZ05WSFNNRUdEQVdnQlNtS01DaVpMeWMKaWlFWnNUcGp5TWZraWtQWnpEQU5CZ2txaGtpRzl3MEJBUXNGQUFPQ0FnRUFLY2IwUXdhWGc3UnBqby9Hd0JTWgo0VUNVSHhYT0xseklZRGJwbXVnQ21ONWdldFBjc21JV3hrRHcrWHVJNGNQWUF6Zk94cTJXendjenlaUVMvVktQCk8wVlU3Y1BCL21YVGtwL2g4T0tkYkdJamFFRytEY0hEV2pOaU5XWU5YbHFvZGJpZC8xK0ZuREh1WmdEb29rakcKUHpIZHRWaHVoOUlWalJpQnNVc0NDOVBDSXZZSllnaGljYi9zaDNZbExBaHpJOUlxbHRoV2plaHJnTHNxY0QwOQp2OG0yVHZsVXdMQThhaHBPaHFXT0NKaXVDWnNqL1F2R25Pc09oWXYrS3lrMXQ1WUVxMGNRQnRleXZoMyt0SmxzCkF6dFBhZ3dBcEdlUDVVRXIyWHFmWDQ2bGtKSHdqVUEyR1VMcVdOMzExUnFJK3AvYkFhd2JpTlVJZlBNSVY4UnIKUEpRQ1V2bTZWa1BWdTdJdVFkeXdXSlF5NUx4aFM1MUpxK0RpU3FUUU9xbTJhK0ZjNEs3aXJpUlh4UlVhZFpJQQp4SVpwQ1ZUUmZhY0lkdzA3dHo5a05YZVJBV3JtRlNaZzNVbkJ3UnJQZ0J3WDRSeXZuYUFMVHVrTGl4a2FBNXZvCk5ZZDRDRVJveWk5OTM2dkkvQnZNSTNpczRqd0U3S1lzZ0tFb0RUZEJVUGlqOG4wL296S2g1aW5mUGp0WHh4RFMKbGtGaXlUc2dUM3dxWmxWSngrTGUzTk5la2JJcG0xaHFwa3dBYVZZMlc3K1cxQjlLbVVPVmJQaUxld21YblEyVAorLzNWWUJIaHpMNWRXZCtxSHpMTDlQMXgyc0hYaHRmQ2l3bU5MOGxsRmNPcVI5SUt2SythWTBNUUJGTkY1dER0CllESW5TbU93TkxSZkZvRThkNVAxTEFrPQotLS0tLUVORCBDRVJUSUZJQ0FURS0tLS0tCg==\n    client-key-data: LS0tLS1CRUdJTiBSU0EgUFJJVkFURSBLRVktLS0tLQpNSUlKS1FJQkFBS0NBZ0VBc0hsRThLcS9hckYySjZoMFpVSmtkd2RxZUhYMU15UDYzNkhyL3YxUVZxN3c4elFyCjI4czlvYUxPb0tOUWZ5cjk4dkJ5bkRWYVY0dXVzendvY0p6YzQxSmtZUDJ6cEZRdUp3OUxpNnBKL1N1MnErUXEKRGFoYnNyTjVRa3YyWFFFVEwzdk0zaXkrVXcyZVZUa0RXMURJRUc1NDBMejhJenpUUWhYNlMwdUhWV2x4cVFrVQpHZktRbTI4L00rN21yaGpBK1VtYXlpczZXMnNEQ1FGQUhjOCtoMUUwbzc2eGI0NlM1aitnN0IvRllLNzRRZ2t5CmdGRVhsNHFKK0NNbzFEUi9EZ3crOUNnM2NpSGlFYnJ0VzB5aTk1Y0FsZTl4OEtYeGk4MHdFY0lTTFA5ZEsxS3UKb2FVbk44REI4dTFJZCtqMXdLTkpaZEREVlFlUUxSemNJNXhoMEVtS3FvM1FrMW01ZkhZdWwrb0JFTi92NHdWaApONmhrdVdSTnRYNndWbUVrQ3JXSVBGOUlUSHFQSXZwejJZVmhuV0doa29SL2M2RHZKUmJIOUpWby9pOE1yTFptCnJOOWlEZThRQjZhejEyY2Z6ZjJSd0JtaWc2UnpEZzlRdk5HeUdKdklWMGhucGJKN0VYU1EzbGEraHVOMTk2ci8KdjQ1SGYxN1dLRzUxa1l6cnM0MHdCNUtpa0M2dmNCaU5zSHRIeVg5TWF4MldPMmNXako4a2o2NmVDekluN2NWRQpiSzB2U2J0d09VSTFnVGM2RXdLU2J1RVY4cGRKcTc3OVlWbWlWY3VkWlB0TEFZbE5Wcnc5UjV1NEVkRjNHTXJVCkUxTzdJYkFsbGIxb2p5c3E2Qmg0eFYyZmM5YjZvMnRMRE9HWVdrYktNUzZNdHpNeUJ1ZVV3dnEwQ0lFQ0F3RUEKQVFLQ0FnQXNkUUIzR0t6TU5oU3IvUFlGcEdvbXlrbDZPMDBnS3dwQ1dFcFpuSHNtdXorY0pTSi9abjRLUURlSgpwRnJkRG5tWFFCZS9Ybmw1NElpTVFyVjFXUzhVWFdkSVArR0hubVZhRmJKVVp2dm91YUIxUVMrTzdVRGNqZllZClM0YXUrMXhYOC9veVpsYzBHUlF3S0FLK2VHVk9MbVpsUDViTlViOXV3SmFqYlUyVXFOR25ZZEFja1V6NHUxZlMKdjNhQm1WN1Q3a1QrZFZGb1FsY3JaNU05Yno0elhMUEVKSUFTdUhvdFl3NHBMZi9OVVliZEsrLzYvM0xRREdpaAppRW42MjVhK2RUdE95dXJjNThoSjZ5dHNlcXY3YjZFSUpLQXhuYnh5R2Fqb2NGbWYyRjBpVXR3SGdOR1diQXJ3CkpmTEJzb0JtblR3YVdETTlNb0NSdk5tQVp4OEVyTE52Y2pidzBITG1FYUhEYU1oOGo2NWZjM2ZVVkU2Y0M3eEIKbnlMNHhCc2RmWW1RRE9iZ1ZPYVlDc0JjTDVPS3RzUTZWbkRnMDlHd1NLY3VVaFJyZlpPb2M2SjlRaXVteFY0MApMR3I1R2VjUmpaTmZyVEhuSE83Ly9Pbjg5UXl4WXN6MVNUVDBrb083aUtUZEg3OUs0SkFpdEk4UU5IMXRXd09wCkhFWThKWjJmS1htcEhYUnkyVVNQYWg3ZFVvVi9VdnpWRHFlUWROeEJxQUtVYWZmYmJCaWlZWW5vT2VnVVVQNFgKYlFnbHRPT1FjcCt1Y0NwQ25XUEpvTTE0MmFXaXQ5MXhkMk1WV1hpakxWWDY0bTlCZE9RdHh4UHpLdlhNWS9zTgpwM2lpZFBveUx0STlWWVZkdkl3YkthWFUzL1lITXBHZmg2dndwZDhNenNmWmQzR25lUUtDQVFFQXkvdjFRdkdxCk1KRHZjdXdpRE10ZkNSMm4xQk5LQkFqY3R2VGpaT3l6UVVSbnI5Uk1GcXd4ckZZRk1UMXZUME50S3JBb0laQ3IKVTJnVmtBUTg0UVBPOG1kM3pmNi9FWUwrZUp2azBwS1Z1VGJJSVN0bWhIbXJhNUREZnMwTG1ycjU3UW9EWERkagphL21xa2pOK2JyU0pmRU1xWmtWQ21iYjE1S242eGROVVl1cWhwNk5wWmxpVjFvZXBPR3ZNYU1VK0xFaUhld0JwClQwcW9rdXJseVVmNXBKOGdoWVh4RDZLNnlLTi8yZmt4cmNwM0xZQlFVWEQvMDhTRkVhS0VaYS94NVc1VUZoT24KK1R0b2xpUklvSllEKzlsaUJ2VUpMWFdqQ1h6Nm5kMGIzem1vTHdNemFoL1d2S3hobmtBZmJUeEFCWmppWGVuQQpSMFAxZDhFSkRtNVdwd0tDQVFFQTNYbHVsM2FTZGtuWllzY1Vtb0Z2V1E0WXphVURBY0E5cFEvc01OUGJsR3FxCjY0czZGWFVhcDJuU0lNaG5ESmtGT2xiMkRVcUduQkpjM1NQT29qWUZ6am4vMjYwNXpadnYySjc0VlU1YTBPdHIKVWhMNHVaTFdVVW5MRzhtWUhEMGpHQldQMVpQUEt6M2JxdkRtWk5LbjJEZzlmUVNZQVJsVXlDYVlKenVkaE9jSwpDS1E5VG9oT2E4T0pma0Y0SVhuTkozajg2dDBKY1NFcUdUOFZoejQ2N0VZT3ZoeUxYMFh4RlU4bTlCSzJlcCt2CjFQSFoxNHlYbUdockxDVFlyOTU1cFY0SEhTY0d3T0hpSmRUa0xqemhkR2FRcWR0WWNIOS9EcjNxb091V1VJMlAKaUtLQTNoYjJHMnl2RHUwOXp2NE94V20zWForRWJoY0dGdGhIOTNNMGx3S0NBUUVBdTZtSVlWYzljTUxXV0E4Zgo0RTkxbGtoZkwzK3pkM1REd2RvWUhiQ1oxWERlUjJmenZHUWNxdVRVa0JGcUJ5ME1FTnJSZ05lOGx0WktDQjJ0CitJRnRjWnQ1SDkyKzRKaDREbk8xbDNoZUlIQml2QWxXbm9mbENlZTd3enRXOHJvVDFseUE3T1RVSmZFaVdMRGgKSDI0ZWttQ2tjRVJGMm03MVY3SjkwR1AwM2Evb212WitzRGJOV3ZtaDJCTnNrZkxzbVFiOUJVOUNrejBuUzBxcApybnoyRWRxSHErK203L0NSRUtkQ3AwRlgwQUJWbGxuWENxWC81azZFOGMxbktyb3N2QnU5WmpZZE1mRFM3bFpoCkxzUDAxRTJRbnIvdCtwR2dOY2x5TTZ2SXlad2N1MnVoY0gvc0tkWVpWT0svUnRySU41NEltOGZDS280K0ZUZFYKWXA1bVB3S0NBUUExcGN1UEx1NnRicGdVNEVweVhyWWRLVmdDd0Z6cEdLc1dCN1JiNDRYRi9zeW1QOVJ6RENuSApzYzl2bDN1MnhuNUlzblhwcEVyVkZYR2ZNNlJERUxqNVNuMWF0aXhSVE51ZGFteVhKV0xFUnJKNWNCVUZ4cmJaCmUvbVNJcFFSQ3hJc0xGVHFGR0xUZzZscFQrOVBMdVB2Y1RnYngzZ1dsQTlBYUhEazJBRUJCNEliczhVUjk5eWYKSi85dk1PYXJuVGgvdmtQdGxGdE1Kdzl1akNSbjNVQWlxWm02bldsNVM1VHBaNEgxRDI5YVpzSU40QU8zdmR1ZQoxSFJaZmhkckNvWUc4NjdmZGV1aDMxV0xlblZIYWdIbTAwMXBoN04xbEx5dlVudTZQVGJ0RGsxZGVKZWt0SVVyCkFYbXFNUGVPNDJXcWxrQVBrcXRlaTM4ekczTGJVdkhEQW9JQkFRQzQrUXFTOTBnb2QvZysvVkdzZkN1T214UEYKaFN3VjVFanZxNWJUV2Z5eTVhWFlFcUw2UmZTRHVrc0UyZ1Ywd1BVT2Z4TU85U3lBc2doODdnQXZTMVE4SWVLMApJWUFuSkQxaEhvVGNaYUxtTThPdStsL2laeFAzcVhRSm9MVlR0KzM2K2RTelNDKzdyV0xwbDJXbzhQcGVDcjJMCmMvandHdEpCYzgzZlNCenc5M2ZKVVNLelZza2h2TGNoK0M0bWVIR1ZvRmF2TUFENXJkSEpsY01KRmpuTkpoamsKcWFnM3A0eWRxeDBkZHhGZmErcXFWdkpORWdRdFZTbDd5RmsrVHI5alRPck1KMHZLb1J4d1Q2ZjlLUktPM1FBWQpseHBVSWVzeDNDR3lUL21QK3NkV0syNjE0S3E5MEllYnFYTkFOelZadmw0RS9TWE5lR1Nkakp2TWtKRngKLS0tLS1FTkQgUlNBIFBSSVZBVEUgS0VZLS0tLS0K\n    token: c22c0b4b3fe23ef27baddb88f6324bff025e6211177d1ea3796c602f3616cf0b404fd49af0acc6645c151130a95842a40d4269302c85b37adedca48ef5ffc849\n",
      "type": "string",
      "sensitive": true
    },
    "cluster_private_key": {
      "value": "-----BEGIN RSA PRIVATE KEY-----\nMIIEpAIBAAKCAQEApc7zUTdzBIk9EqM6dI5HNiLdF50mTWk+hv+5j0wVEaAt7Fpd\nZSJXljXho8iFJv4hYhC9Imcj+gTwHKruNkI5eqWgaSU4Pks8HuDS987dqzuZn/l0\nVJE3E8WAaew1MbTvIkDsoGtV+S0Y3zqK5MW5TQdQ79S0sWswbtaCTCAMVhplS+tj\nQ6SUbgZqCyk6tHOHFZlQfpLHqRCsTg28rLhbL6QDVtdlCHFJN2/43jyKWxwHYWmO\nDWcbftnPxyhGXncZDFuwzwDoAywN456CXlFQbC6cLxVydpLD4HPv9cXPWFsO1/aD\nVJPnFv/KOyOtDLNSONkfdR+BIQY9F+OmOYQ2gwIDAQABAoIBABYZekbF7Debjx9P\n0De+yvEFPpCqKnPA5kuaBAJ8coZx4g0Rkkcrh58GuXdZ/51N2+c1MfBG7P2i8Nnx\nUmS6+OxG7RV2l4N+BZpb/uJ2mQb8n6I53m5zGHMzLMVxbTmd0w2ut5s+Eyxt/VWr\neN27GNKSehAtOpQ3JDJxttYso1hKX2+RBRuN4VXmdRpwlVg8LH2Jf6oD85c7ZNBq\n2JKtnP5/EMMivyneI2yAQeHOOXfyzlLq/Y6V+svJNHfKMcTAaFqueq0VRsUC5KIT\nirghTCbFpfOuxpvW2dqbw/xRSsTP+1GjYbBWqfAdOcoiXEo9PbM2cDVuJptcGvqX\neDEhYbECgYEA0Bn2I61p7yqpeLB4yTpvi+E9R4JIGOnitG+RukBjK7PxOZ2S6v+x\nd9QsifD6Ov8mGurB4hYXyryS0sNW9DNQW0VipyrYtSnMc8wyfJdn8C/iWnjK1wfG\n/nJVgjuavW0sSCkpmz6JGNrOD8XxKnMTg6kx4TG44Onb8KIZi1XtmqsCgYEAy/jx\nGKZZN2Vsn0Rsv+ETDaW4hfdonfLC0a/lSCjNlv5g1kLoy1+bht6gphxaVYI6YLRl\ne1QFzSV0FcAgo8ML3QQr56DRP3jfxgYvILhYadEn7HJ7bLplQ1I6uN5xUTg1t9XJ\nu1eIrDc8i6wz7wyU4INmFJ8QWAQ1R22ZfYylU4kCgYBgHS2G6ug7k2u0l2UiI8Az\nTfOcnHqqLxQLHGClMmnbXH+0iae6rCAOZUuw5kDckM3LrtOflW6lr5TsjVYS8cRS\nc2iOJwbyHX0VmqFS1CcoUyVrfdDJogjxqmL+BIOCq/LA3WofDrIJbb2woU6yuXWw\n4KtuBCYMk1aG/IdpyGU2gwKBgQCwuiWzFNZyH+eoazHKYqoOhgrF0CKNz7uq0LtY\n9TmEXSzsGBb5twHbLmOE6UX/lpEcHtFatOc94vicq9Xb7fAGdEnSLE2AsCs6uTr2\nH6NDM9xiiqKUB0Abv1BvwxPtqkUo3gwmzOX3SPilj/ODaKRJjq/QqC0SBbtgAv8d\nf9Hy+QKBgQCM0ulwUM5UWzQYNqyGicb8l5IO0dzLSlbmZJTV40KrsrwMuUaVrS5E\nqvR9SzQBAcFE7BXze15NiIkJSICurtkWbr5LlxOuJWjtI7sqqNHJ4CKd8l72NtPS\nxmaItlM/xxhRZeYu3AW2xPdCDoLaBm+MbjSWpP8ZLpnJVyLTsn5oog==\n-----END RSA PRIVATE KEY-----\n",
      "type": "string",
      "sensitive": true
    },
    "cluster_public_key": {
      "value": "-----BEGIN PUBLIC KEY-----\nMIIBIjANBgkqhkiG9w0BAQEFAAOCAQ8AMIIBCgKCAQEApc7zUTdzBIk9EqM6dI5H\nNiLdF50mTWk+hv+5j0wVEaAt7FpdZSJXljXho8iFJv4hYhC9Imcj+gTwHKruNkI5\neqWgaSU4Pks8HuDS987dqzuZn/l0VJE3E8WAaew1MbTvIkDsoGtV+S0Y3zqK5MW5\nTQdQ79S0sWswbtaCTCAMVhplS+tjQ6SUbgZqCyk6tHOHFZlQfpLHqRCsTg28rLhb\nL6QDVtdlCHFJN2/43jyKWxwHYWmODWcbftnPxyhGXncZDFuwzwDoAywN456CXlFQ\nbC6cLxVydpLD4HPv9cXPWFsO1/aDVJPnFv/KOyOtDLNSONkfdR+BIQY9F+OmOYQ2\ngwIDAQAB\n-----END PUBLIC KEY-----\n",
      "type": "string"
    },
    "registry_hostname": {
      "value": "flixtubex9.azurecr.io",
      "type": "string"
    },
    "registry_pw": {
      "value": "/H8Dx0+tQ9UD7in44XhiR53vcEOfC4CCUlT6VQtxKw+ACRDSmseI",
      "type": "string",
      "sensitive": true
    },
    "registry_un": {
      "value": "flixtubex9",
      "type": "string"
    }
  },
  "resources": [
    {
      "mode": "managed",
      "type": "azurerm_container_registry",
      "name": "container_registry",
      "provider": "provider[\"registry.terraform.io/hashicorp/azurerm\"]",
      "instances": [
        {
          "schema_version": 2,
          "attributes": {
            "admin_enabled": true,
            "admin_password": "/H8Dx0+tQ9UD7in44XhiR53vcEOfC4CCUlT6VQtxKw+ACRDSmseI",
            "admin_username": "flixtubex9",
            "anonymous_pull_enabled": false,
            "data_endpoint_enabled": false,
            "encryption": [
              {
                "enabled": false,
                "identity_client_id": "",
                "key_vault_key_id": ""
              }
            ],
            "export_policy_enabled": true,
            "georeplications": [],
            "id": "/subscriptions/cd82a0fa-0de0-4d48-9ce3-ad4ecea30348/resourceGroups/flixtubex9/providers/Microsoft.ContainerRegistry/registries/flixtubex9",
            "identity": [],
            "location": "southeastasia",
            "login_server": "flixtubex9.azurecr.io",
            "name": "flixtubex9",
            "network_rule_bypass_option": "AzureServices",
            "network_rule_set": [],
            "public_network_access_enabled": true,
            "quarantine_policy_enabled": false,
            "resource_group_name": "flixtubex9",
            "retention_policy": [
              {
                "days": 7,
                "enabled": false
              }
            ],
            "sku": "Basic",
            "tags": {},
            "timeouts": null,
            "trust_policy": [
              {
                "enabled": false
              }
            ],
            "zone_redundancy_enabled": false
          },
          "sensitive_attributes": [],
          "private": "eyJlMmJmYjczMC1lY2FhLTExZTYtOGY4OC0zNDM2M2JjN2M0YzAiOnsiY3JlYXRlIjoxODAwMDAwMDAwMDAwLCJkZWxldGUiOjE4MDAwMDAwMDAwMDAsInJlYWQiOjMwMDAwMDAwMDAwMCwidXBkYXRlIjoxODAwMDAwMDAwMDAwfSwic2NoZW1hX3ZlcnNpb24iOiIyIn0=",
          "dependencies": [
            "azurerm_resource_group.flixtubex9"
          ]
        }
      ]
    },
    {
      "mode": "managed",
      "type": "azurerm_kubernetes_cluster",
      "name": "cluster",
      "provider": "provider[\"registry.terraform.io/hashicorp/azurerm\"]",
      "instances": [
        {
          "schema_version": 2,
          "attributes": {
            "aci_connector_linux": [],
            "api_server_access_profile": [],
            "api_server_authorized_ip_ranges": [],
            "auto_scaler_profile": [],
            "automatic_channel_upgrade": "",
            "azure_active_directory_role_based_access_control": [],
            "azure_policy_enabled": null,
            "default_node_pool": [
              {
                "capacity_reservation_group_id": "",
                "custom_ca_trust_enabled": false,
                "enable_auto_scaling": false,
                "enable_host_encryption": false,
                "enable_node_public_ip": false,
                "fips_enabled": false,
                "host_group_id": "",
                "kubelet_config": [],
                "kubelet_disk_type": "OS",
                "linux_os_config": [],
                "max_count": 0,
                "max_pods": 110,
                "message_of_the_day": "",
                "min_count": 0,
                "name": "default",
                "node_count": 1,
                "node_labels": {},
                "node_public_ip_prefix_id": "",
                "node_taints": [],
                "only_critical_addons_enabled": false,
                "orchestrator_version": "1.25.4",
                "os_disk_size_gb": 128,
                "os_disk_type": "Managed",
                "os_sku": "Ubuntu",
                "pod_subnet_id": "",
                "proximity_placement_group_id": "",
                "scale_down_mode": "Delete",
                "tags": {},
                "type": "VirtualMachineScaleSets",
                "ultra_ssd_enabled": false,
                "upgrade_settings": [],
                "vm_size": "Standard_B2ms",
                "vnet_subnet_id": "",
                "workload_runtime": "",
                "zones": []
              }
            ],
            "disk_encryption_set_id": "",
            "dns_prefix": "flixtubex9",
            "dns_prefix_private_cluster": "",
            "edge_zone": "",
            "enable_pod_security_policy": false,
            "fqdn": "flixtubex9-17800747.hcp.southeastasia.azmk8s.io",
            "http_application_routing_enabled": null,
            "http_application_routing_zone_name": null,
            "http_proxy_config": [],
            "id": "/subscriptions/cd82a0fa-0de0-4d48-9ce3-ad4ecea30348/resourceGroups/flixtubex9/providers/Microsoft.ContainerService/managedClusters/flixtubex9",
            "identity": [],
            "image_cleaner_enabled": false,
            "image_cleaner_interval_hours": 48,
            "ingress_application_gateway": [],
            "key_management_service": [],
            "key_vault_secrets_provider": [],
            "kube_admin_config": [],
            "kube_admin_config_raw": "",
            "kube_config": [
              {
                "client_certificate": "LS0tLS1CRUdJTiBDRVJUSUZJQ0FURS0tLS0tCk1JSUZIVENDQXdXZ0F3SUJBZ0lRYzc2MzVPV3R1enBueTQ3dVJJQm8vVEFOQmdrcWhraUc5dzBCQVFzRkFEQU4KTVFzd0NRWURWUVFERXdKallUQWVGdzB5TXpBeU1UUXdOakEwTXpSYUZ3MHlOVEF5TVRRd05qRTBNelJhTURBeApGekFWQmdOVkJBb1REbk41YzNSbGJUcHRZWE4wWlhKek1SVXdFd1lEVlFRREV3eHRZWE4wWlhKamJHbGxiblF3CmdnSWlNQTBHQ1NxR1NJYjNEUUVCQVFVQUE0SUNEd0F3Z2dJS0FvSUNBUUN3ZVVUd3FyOXFzWFlucUhSbFFtUjMKQjJwNGRmVXpJL3Jmb2V2Ky9WQldydkR6TkN2Ynl6MmhvczZnbzFCL0t2M3k4SEtjTlZwWGk2NnpQQ2h3bk56agpVbVJnL2JPa1ZDNG5EMHVMcWtuOUs3YXI1Q29OcUZ1eXMzbENTL1pkQVJNdmU4emVMTDVURFo1Vk9RTmJVTWdRCmJualF2UHdqUE5OQ0ZmcExTNGRWYVhHcENSUVo4cENiYno4ejd1YXVHTUQ1U1pyS0t6cGJhd01KQVVBZHp6NkgKVVRTanZyRnZqcExtUDZEc0g4VmdydmhDQ1RLQVVSZVhpb240SXlqVU5IOE9ERDcwS0RkeUllSVJ1dTFiVEtMMwpsd0NWNzNId3BmR0x6VEFSd2hJcy8xMHJVcTZocFNjM3dNSHk3VWgzNlBYQW8wbGwwTU5WQjVBdEhOd2puR0hRClNZcXFqZENUV2JsOGRpNlg2Z0VRMysvakJXRTNxR1M1WkUyMWZyQldZU1FLdFlnOFgwaE1lbzhpK25QWmhXR2QKWWFHU2hIOXpvTzhsRnNmMGxXaitMd3lzdG1hczMySU43eEFIcHJQWFp4L04vWkhBR2FLRHBITU9EMUM4MGJJWQptOGhYU0dlbHNuc1JkSkRlVnI2RzQzWDNxdisvamtkL1h0WW9ibldSak91empUQUhrcUtRTHE5d0dJMndlMGZKCmYweHJIWlk3WnhhTW55U1BycDRMTWlmdHhVUnNyUzlKdTNBNVFqV0JOem9UQXBKdTRSWHlsMG1ydnYxaFdhSlYKeTUxayswc0JpVTFXdkQxSG03Z1IwWGNZeXRRVFU3c2hzQ1dWdldpUEt5cm9HSGpGWFo5ejF2cWphMHNNNFpoYQpSc294TG95M016SUc1NVRDK3JRSWdRSURBUUFCbzFZd1ZEQU9CZ05WSFE4QkFmOEVCQU1DQmFBd0V3WURWUjBsCkJBd3dDZ1lJS3dZQkJRVUhBd0l3REFZRFZSMFRBUUgvQkFJd0FEQWZCZ05WSFNNRUdEQVdnQlNtS01DaVpMeWMKaWlFWnNUcGp5TWZraWtQWnpEQU5CZ2txaGtpRzl3MEJBUXNGQUFPQ0FnRUFLY2IwUXdhWGc3UnBqby9Hd0JTWgo0VUNVSHhYT0xseklZRGJwbXVnQ21ONWdldFBjc21JV3hrRHcrWHVJNGNQWUF6Zk94cTJXendjenlaUVMvVktQCk8wVlU3Y1BCL21YVGtwL2g4T0tkYkdJamFFRytEY0hEV2pOaU5XWU5YbHFvZGJpZC8xK0ZuREh1WmdEb29rakcKUHpIZHRWaHVoOUlWalJpQnNVc0NDOVBDSXZZSllnaGljYi9zaDNZbExBaHpJOUlxbHRoV2plaHJnTHNxY0QwOQp2OG0yVHZsVXdMQThhaHBPaHFXT0NKaXVDWnNqL1F2R25Pc09oWXYrS3lrMXQ1WUVxMGNRQnRleXZoMyt0SmxzCkF6dFBhZ3dBcEdlUDVVRXIyWHFmWDQ2bGtKSHdqVUEyR1VMcVdOMzExUnFJK3AvYkFhd2JpTlVJZlBNSVY4UnIKUEpRQ1V2bTZWa1BWdTdJdVFkeXdXSlF5NUx4aFM1MUpxK0RpU3FUUU9xbTJhK0ZjNEs3aXJpUlh4UlVhZFpJQQp4SVpwQ1ZUUmZhY0lkdzA3dHo5a05YZVJBV3JtRlNaZzNVbkJ3UnJQZ0J3WDRSeXZuYUFMVHVrTGl4a2FBNXZvCk5ZZDRDRVJveWk5OTM2dkkvQnZNSTNpczRqd0U3S1lzZ0tFb0RUZEJVUGlqOG4wL296S2g1aW5mUGp0WHh4RFMKbGtGaXlUc2dUM3dxWmxWSngrTGUzTk5la2JJcG0xaHFwa3dBYVZZMlc3K1cxQjlLbVVPVmJQaUxld21YblEyVAorLzNWWUJIaHpMNWRXZCtxSHpMTDlQMXgyc0hYaHRmQ2l3bU5MOGxsRmNPcVI5SUt2SythWTBNUUJGTkY1dER0CllESW5TbU93TkxSZkZvRThkNVAxTEFrPQotLS0tLUVORCBDRVJUSUZJQ0FURS0tLS0tCg==",
                "client_key": "LS0tLS1CRUdJTiBSU0EgUFJJVkFURSBLRVktLS0tLQpNSUlKS1FJQkFBS0NBZ0VBc0hsRThLcS9hckYySjZoMFpVSmtkd2RxZUhYMU15UDYzNkhyL3YxUVZxN3c4elFyCjI4czlvYUxPb0tOUWZ5cjk4dkJ5bkRWYVY0dXVzendvY0p6YzQxSmtZUDJ6cEZRdUp3OUxpNnBKL1N1MnErUXEKRGFoYnNyTjVRa3YyWFFFVEwzdk0zaXkrVXcyZVZUa0RXMURJRUc1NDBMejhJenpUUWhYNlMwdUhWV2x4cVFrVQpHZktRbTI4L00rN21yaGpBK1VtYXlpczZXMnNEQ1FGQUhjOCtoMUUwbzc2eGI0NlM1aitnN0IvRllLNzRRZ2t5CmdGRVhsNHFKK0NNbzFEUi9EZ3crOUNnM2NpSGlFYnJ0VzB5aTk1Y0FsZTl4OEtYeGk4MHdFY0lTTFA5ZEsxS3UKb2FVbk44REI4dTFJZCtqMXdLTkpaZEREVlFlUUxSemNJNXhoMEVtS3FvM1FrMW01ZkhZdWwrb0JFTi92NHdWaApONmhrdVdSTnRYNndWbUVrQ3JXSVBGOUlUSHFQSXZwejJZVmhuV0doa29SL2M2RHZKUmJIOUpWby9pOE1yTFptCnJOOWlEZThRQjZhejEyY2Z6ZjJSd0JtaWc2UnpEZzlRdk5HeUdKdklWMGhucGJKN0VYU1EzbGEraHVOMTk2ci8KdjQ1SGYxN1dLRzUxa1l6cnM0MHdCNUtpa0M2dmNCaU5zSHRIeVg5TWF4MldPMmNXako4a2o2NmVDekluN2NWRQpiSzB2U2J0d09VSTFnVGM2RXdLU2J1RVY4cGRKcTc3OVlWbWlWY3VkWlB0TEFZbE5Wcnc5UjV1NEVkRjNHTXJVCkUxTzdJYkFsbGIxb2p5c3E2Qmg0eFYyZmM5YjZvMnRMRE9HWVdrYktNUzZNdHpNeUJ1ZVV3dnEwQ0lFQ0F3RUEKQVFLQ0FnQXNkUUIzR0t6TU5oU3IvUFlGcEdvbXlrbDZPMDBnS3dwQ1dFcFpuSHNtdXorY0pTSi9abjRLUURlSgpwRnJkRG5tWFFCZS9Ybmw1NElpTVFyVjFXUzhVWFdkSVArR0hubVZhRmJKVVp2dm91YUIxUVMrTzdVRGNqZllZClM0YXUrMXhYOC9veVpsYzBHUlF3S0FLK2VHVk9MbVpsUDViTlViOXV3SmFqYlUyVXFOR25ZZEFja1V6NHUxZlMKdjNhQm1WN1Q3a1QrZFZGb1FsY3JaNU05Yno0elhMUEVKSUFTdUhvdFl3NHBMZi9OVVliZEsrLzYvM0xRREdpaAppRW42MjVhK2RUdE95dXJjNThoSjZ5dHNlcXY3YjZFSUpLQXhuYnh5R2Fqb2NGbWYyRjBpVXR3SGdOR1diQXJ3CkpmTEJzb0JtblR3YVdETTlNb0NSdk5tQVp4OEVyTE52Y2pidzBITG1FYUhEYU1oOGo2NWZjM2ZVVkU2Y0M3eEIKbnlMNHhCc2RmWW1RRE9iZ1ZPYVlDc0JjTDVPS3RzUTZWbkRnMDlHd1NLY3VVaFJyZlpPb2M2SjlRaXVteFY0MApMR3I1R2VjUmpaTmZyVEhuSE83Ly9Pbjg5UXl4WXN6MVNUVDBrb083aUtUZEg3OUs0SkFpdEk4UU5IMXRXd09wCkhFWThKWjJmS1htcEhYUnkyVVNQYWg3ZFVvVi9VdnpWRHFlUWROeEJxQUtVYWZmYmJCaWlZWW5vT2VnVVVQNFgKYlFnbHRPT1FjcCt1Y0NwQ25XUEpvTTE0MmFXaXQ5MXhkMk1WV1hpakxWWDY0bTlCZE9RdHh4UHpLdlhNWS9zTgpwM2lpZFBveUx0STlWWVZkdkl3YkthWFUzL1lITXBHZmg2dndwZDhNenNmWmQzR25lUUtDQVFFQXkvdjFRdkdxCk1KRHZjdXdpRE10ZkNSMm4xQk5LQkFqY3R2VGpaT3l6UVVSbnI5Uk1GcXd4ckZZRk1UMXZUME50S3JBb0laQ3IKVTJnVmtBUTg0UVBPOG1kM3pmNi9FWUwrZUp2azBwS1Z1VGJJSVN0bWhIbXJhNUREZnMwTG1ycjU3UW9EWERkagphL21xa2pOK2JyU0pmRU1xWmtWQ21iYjE1S242eGROVVl1cWhwNk5wWmxpVjFvZXBPR3ZNYU1VK0xFaUhld0JwClQwcW9rdXJseVVmNXBKOGdoWVh4RDZLNnlLTi8yZmt4cmNwM0xZQlFVWEQvMDhTRkVhS0VaYS94NVc1VUZoT24KK1R0b2xpUklvSllEKzlsaUJ2VUpMWFdqQ1h6Nm5kMGIzem1vTHdNemFoL1d2S3hobmtBZmJUeEFCWmppWGVuQQpSMFAxZDhFSkRtNVdwd0tDQVFFQTNYbHVsM2FTZGtuWllzY1Vtb0Z2V1E0WXphVURBY0E5cFEvc01OUGJsR3FxCjY0czZGWFVhcDJuU0lNaG5ESmtGT2xiMkRVcUduQkpjM1NQT29qWUZ6am4vMjYwNXpadnYySjc0VlU1YTBPdHIKVWhMNHVaTFdVVW5MRzhtWUhEMGpHQldQMVpQUEt6M2JxdkRtWk5LbjJEZzlmUVNZQVJsVXlDYVlKenVkaE9jSwpDS1E5VG9oT2E4T0pma0Y0SVhuTkozajg2dDBKY1NFcUdUOFZoejQ2N0VZT3ZoeUxYMFh4RlU4bTlCSzJlcCt2CjFQSFoxNHlYbUdockxDVFlyOTU1cFY0SEhTY0d3T0hpSmRUa0xqemhkR2FRcWR0WWNIOS9EcjNxb091V1VJMlAKaUtLQTNoYjJHMnl2RHUwOXp2NE94V20zWForRWJoY0dGdGhIOTNNMGx3S0NBUUVBdTZtSVlWYzljTUxXV0E4Zgo0RTkxbGtoZkwzK3pkM1REd2RvWUhiQ1oxWERlUjJmenZHUWNxdVRVa0JGcUJ5ME1FTnJSZ05lOGx0WktDQjJ0CitJRnRjWnQ1SDkyKzRKaDREbk8xbDNoZUlIQml2QWxXbm9mbENlZTd3enRXOHJvVDFseUE3T1RVSmZFaVdMRGgKSDI0ZWttQ2tjRVJGMm03MVY3SjkwR1AwM2Evb212WitzRGJOV3ZtaDJCTnNrZkxzbVFiOUJVOUNrejBuUzBxcApybnoyRWRxSHErK203L0NSRUtkQ3AwRlgwQUJWbGxuWENxWC81azZFOGMxbktyb3N2QnU5WmpZZE1mRFM3bFpoCkxzUDAxRTJRbnIvdCtwR2dOY2x5TTZ2SXlad2N1MnVoY0gvc0tkWVpWT0svUnRySU41NEltOGZDS280K0ZUZFYKWXA1bVB3S0NBUUExcGN1UEx1NnRicGdVNEVweVhyWWRLVmdDd0Z6cEdLc1dCN1JiNDRYRi9zeW1QOVJ6RENuSApzYzl2bDN1MnhuNUlzblhwcEVyVkZYR2ZNNlJERUxqNVNuMWF0aXhSVE51ZGFteVhKV0xFUnJKNWNCVUZ4cmJaCmUvbVNJcFFSQ3hJc0xGVHFGR0xUZzZscFQrOVBMdVB2Y1RnYngzZ1dsQTlBYUhEazJBRUJCNEliczhVUjk5eWYKSi85dk1PYXJuVGgvdmtQdGxGdE1Kdzl1akNSbjNVQWlxWm02bldsNVM1VHBaNEgxRDI5YVpzSU40QU8zdmR1ZQoxSFJaZmhkckNvWUc4NjdmZGV1aDMxV0xlblZIYWdIbTAwMXBoN04xbEx5dlVudTZQVGJ0RGsxZGVKZWt0SVVyCkFYbXFNUGVPNDJXcWxrQVBrcXRlaTM4ekczTGJVdkhEQW9JQkFRQzQrUXFTOTBnb2QvZysvVkdzZkN1T214UEYKaFN3VjVFanZxNWJUV2Z5eTVhWFlFcUw2UmZTRHVrc0UyZ1Ywd1BVT2Z4TU85U3lBc2doODdnQXZTMVE4SWVLMApJWUFuSkQxaEhvVGNaYUxtTThPdStsL2laeFAzcVhRSm9MVlR0KzM2K2RTelNDKzdyV0xwbDJXbzhQcGVDcjJMCmMvandHdEpCYzgzZlNCenc5M2ZKVVNLelZza2h2TGNoK0M0bWVIR1ZvRmF2TUFENXJkSEpsY01KRmpuTkpoamsKcWFnM3A0eWRxeDBkZHhGZmErcXFWdkpORWdRdFZTbDd5RmsrVHI5alRPck1KMHZLb1J4d1Q2ZjlLUktPM1FBWQpseHBVSWVzeDNDR3lUL21QK3NkV0syNjE0S3E5MEllYnFYTkFOelZadmw0RS9TWE5lR1Nkakp2TWtKRngKLS0tLS1FTkQgUlNBIFBSSVZBVEUgS0VZLS0tLS0K",
                "cluster_ca_certificate": "LS0tLS1CRUdJTiBDRVJUSUZJQ0FURS0tLS0tCk1JSUU2RENDQXRDZ0F3SUJBZ0lRWkhxYzlZazl0VEp4RHl1VUdRc1N0VEFOQmdrcWhraUc5dzBCQVFzRkFEQU4KTVFzd0NRWURWUVFERXdKallUQWdGdzB5TXpBeU1UUXdOakEwTXpSYUdBOHlNRFV6TURJeE5EQTJNVFF6TkZvdwpEVEVMTUFrR0ExVUVBeE1DWTJFd2dnSWlNQTBHQ1NxR1NJYjNEUUVCQVFVQUE0SUNEd0F3Z2dJS0FvSUNBUUNaCm1GclhmNUhPeGVDL3o0TFZ6ZzJWYWJYZlJjL1o5OWgwR3BxUkM3NGFjMllORFJablFxRXVWd01FTTRQMFNDTmYKd0ZOWkFxV3FXL0Ywc3gweEZWTkNEUlBJUmhEb3NmZWYxZHFHdXZZWjBHRlBWZXFoS2lvUks4OW9WZEJrMmUxawovU3ZLdkNNMVNieUNqYU1XdjZWUDdiV0YrYnFuczR0RUlhemZPcFQ2UTgxdVdEdEtZOWZwb1ozd0hFWEF3aGhHCkVvM3o3akRLV1JkU0FzNVNCeCtmMTFvRmpHOUtsSDJEUzhHTGRmVGhFbHFxNDM4NENwSDIvaWFxMklseTRmT0gKbWpRd3NkVG1NWm9vdUhxWlFUT21HenJxMWlCK0tHRVRpdEV2N1lvdEdIblZjTjVOQkMySDh2OVhkeDdRUjM1SApZVkp4bDNEVFpDUWgvcURIalp1QUEzdDU5QlJjdW8rMjZPTldkaThSZ2ExOGFKZjRucjRnZ2VoODg2a0JRSFRTCk85Vk12ZGVPZnZsdStjcStwNWxyMnRPdGovY0ZhcTZyU1FIVFYreVFwRHlVcEV1RHpnMnhxbFhaeHo4Ri90ZDkKUGQ3S3h1RHZabEJuSVBhQ2ZCRk8rMG1DMlU4cnVJYlROUHJWSHFqWDZpSzFWT3dJcWc2dlBjOTlJNWd0Tmt1TgpNVld2SXFFL21BSWpCbGJ0QXhuVjArYlFMRThzSGkwTDFIL2ppQ2NmbWdMNHh1QXZ2SlFzZVk4L05mNzAzOGthCmdFL3NpRjQ0b0wyaUUxOS9nSXg5VSs4MlYwSkVNNk10U0V4Z0pIc2dYT1Y4U3NLUTkxQk00NGZiYTNCdy9aK3gKMHhBTlhMWGczVUM5MHpNR2VOZmxNL3Z3UUpmNnM4YkRsRE9sdVltUnB3SURBUUFCbzBJd1FEQU9CZ05WSFE4QgpBZjhFQkFNQ0FxUXdEd1lEVlIwVEFRSC9CQVV3QXdFQi96QWRCZ05WSFE0RUZnUVVwaWpBb21TOG5Jb2hHYkU2Clk4akg1SXBEMmN3d0RRWUpLb1pJaHZjTkFRRUxCUUFEZ2dJQkFDNFR2cUdzb0FsRUJ4dXhrMnBOVWx6SmlieTgKZndBZG4wM3BRalNST0NNWnlMRzNsMmFndkU4SnRDS2dlaDR6N2x6SjgxQ3dkYldSWm1Cck9iL2hZZmp4N2o2Mgp6bDY1V3N1WXFEQWQybXpFRTRZR3YvY3NoUXVKbzlZNyt2M1Y2T0g1K2RIRjFjOE9saE9yTVp1enNCS2RkTTVICmczMVdwcm9VRi9QUkxnZ1BEbHRQTndSNWFqWHZ5OVE1RzBQcWVXbVY4RmhEMlk0RU1HS1VWang2aE1GMXVhaEwKR29ZMFYwcElyd0hBYis0cENNWmVUaEJMNWZLa1QwNFdVcDNubjE3YTlEQm5jTHIwMU51UUd2Vlo2NlpaMGd5Ngp1czgzWFVYdWJxMk5FaUxucTVCb2oveEpRRU5MUWtjL25neWN3c0VtSUlKSk42Umd3c1NjME1Nd1l3OTZScnJaCndtY1VMY2RRZDNIdzNVRWRPdjBycTl5dDhESW04RmFCR3M4NDNQWnl3UXhZYzBoY2l0YjF6Tno5S1dtaWNBMloKMlZmSXIyb3hLVEt5aHRMOVdadDNrV2tTODBvQnVXVW1pZGJYRG4yU0paTktEQUdGTlNXRC9DV1QwekF0KzAxQwp4ak1vUFdQQlFTK1d1eDB5K09ia1Y5K21sWVZEMlpLNGFNSnpDN3VyQ3FOVm9CNHh0aklwMHRrNURWeHJkZEFrCjMveWtNeVE3YWFPcnN3V3RMcVpzMS9ldGxhNmg4NjdRMjJSY0twekRQWUtOek5aVFZ6cGx5M1N2cEZmVDhETGoKYTlSTThNYnQrY1VZK0lmWmhZYk9uRmFuVDg5MGFnV2g1TVMzamhiMVIrRTRqVEx2aDR1dXFLTXRjc0RpdkFDNwpwc2lSbUJ0M0tqMXdjREVuCi0tLS0tRU5EIENFUlRJRklDQVRFLS0tLS0K",
                "host": "https://flixtubex9-17800747.hcp.southeastasia.azmk8s.io:443",
                "password": "c22c0b4b3fe23ef27baddb88f6324bff025e6211177d1ea3796c602f3616cf0b404fd49af0acc6645c151130a95842a40d4269302c85b37adedca48ef5ffc849",
                "username": "clusterUser_flixtubex9_flixtubex9"
              }
            ],
            "kube_config_raw": "apiVersion: v1\nclusters:\n- cluster:\n    certificate-authority-data: LS0tLS1CRUdJTiBDRVJUSUZJQ0FURS0tLS0tCk1JSUU2RENDQXRDZ0F3SUJBZ0lRWkhxYzlZazl0VEp4RHl1VUdRc1N0VEFOQmdrcWhraUc5dzBCQVFzRkFEQU4KTVFzd0NRWURWUVFERXdKallUQWdGdzB5TXpBeU1UUXdOakEwTXpSYUdBOHlNRFV6TURJeE5EQTJNVFF6TkZvdwpEVEVMTUFrR0ExVUVBeE1DWTJFd2dnSWlNQTBHQ1NxR1NJYjNEUUVCQVFVQUE0SUNEd0F3Z2dJS0FvSUNBUUNaCm1GclhmNUhPeGVDL3o0TFZ6ZzJWYWJYZlJjL1o5OWgwR3BxUkM3NGFjMllORFJablFxRXVWd01FTTRQMFNDTmYKd0ZOWkFxV3FXL0Ywc3gweEZWTkNEUlBJUmhEb3NmZWYxZHFHdXZZWjBHRlBWZXFoS2lvUks4OW9WZEJrMmUxawovU3ZLdkNNMVNieUNqYU1XdjZWUDdiV0YrYnFuczR0RUlhemZPcFQ2UTgxdVdEdEtZOWZwb1ozd0hFWEF3aGhHCkVvM3o3akRLV1JkU0FzNVNCeCtmMTFvRmpHOUtsSDJEUzhHTGRmVGhFbHFxNDM4NENwSDIvaWFxMklseTRmT0gKbWpRd3NkVG1NWm9vdUhxWlFUT21HenJxMWlCK0tHRVRpdEV2N1lvdEdIblZjTjVOQkMySDh2OVhkeDdRUjM1SApZVkp4bDNEVFpDUWgvcURIalp1QUEzdDU5QlJjdW8rMjZPTldkaThSZ2ExOGFKZjRucjRnZ2VoODg2a0JRSFRTCk85Vk12ZGVPZnZsdStjcStwNWxyMnRPdGovY0ZhcTZyU1FIVFYreVFwRHlVcEV1RHpnMnhxbFhaeHo4Ri90ZDkKUGQ3S3h1RHZabEJuSVBhQ2ZCRk8rMG1DMlU4cnVJYlROUHJWSHFqWDZpSzFWT3dJcWc2dlBjOTlJNWd0Tmt1TgpNVld2SXFFL21BSWpCbGJ0QXhuVjArYlFMRThzSGkwTDFIL2ppQ2NmbWdMNHh1QXZ2SlFzZVk4L05mNzAzOGthCmdFL3NpRjQ0b0wyaUUxOS9nSXg5VSs4MlYwSkVNNk10U0V4Z0pIc2dYT1Y4U3NLUTkxQk00NGZiYTNCdy9aK3gKMHhBTlhMWGczVUM5MHpNR2VOZmxNL3Z3UUpmNnM4YkRsRE9sdVltUnB3SURBUUFCbzBJd1FEQU9CZ05WSFE4QgpBZjhFQkFNQ0FxUXdEd1lEVlIwVEFRSC9CQVV3QXdFQi96QWRCZ05WSFE0RUZnUVVwaWpBb21TOG5Jb2hHYkU2Clk4akg1SXBEMmN3d0RRWUpLb1pJaHZjTkFRRUxCUUFEZ2dJQkFDNFR2cUdzb0FsRUJ4dXhrMnBOVWx6SmlieTgKZndBZG4wM3BRalNST0NNWnlMRzNsMmFndkU4SnRDS2dlaDR6N2x6SjgxQ3dkYldSWm1Cck9iL2hZZmp4N2o2Mgp6bDY1V3N1WXFEQWQybXpFRTRZR3YvY3NoUXVKbzlZNyt2M1Y2T0g1K2RIRjFjOE9saE9yTVp1enNCS2RkTTVICmczMVdwcm9VRi9QUkxnZ1BEbHRQTndSNWFqWHZ5OVE1RzBQcWVXbVY4RmhEMlk0RU1HS1VWang2aE1GMXVhaEwKR29ZMFYwcElyd0hBYis0cENNWmVUaEJMNWZLa1QwNFdVcDNubjE3YTlEQm5jTHIwMU51UUd2Vlo2NlpaMGd5Ngp1czgzWFVYdWJxMk5FaUxucTVCb2oveEpRRU5MUWtjL25neWN3c0VtSUlKSk42Umd3c1NjME1Nd1l3OTZScnJaCndtY1VMY2RRZDNIdzNVRWRPdjBycTl5dDhESW04RmFCR3M4NDNQWnl3UXhZYzBoY2l0YjF6Tno5S1dtaWNBMloKMlZmSXIyb3hLVEt5aHRMOVdadDNrV2tTODBvQnVXVW1pZGJYRG4yU0paTktEQUdGTlNXRC9DV1QwekF0KzAxQwp4ak1vUFdQQlFTK1d1eDB5K09ia1Y5K21sWVZEMlpLNGFNSnpDN3VyQ3FOVm9CNHh0aklwMHRrNURWeHJkZEFrCjMveWtNeVE3YWFPcnN3V3RMcVpzMS9ldGxhNmg4NjdRMjJSY0twekRQWUtOek5aVFZ6cGx5M1N2cEZmVDhETGoKYTlSTThNYnQrY1VZK0lmWmhZYk9uRmFuVDg5MGFnV2g1TVMzamhiMVIrRTRqVEx2aDR1dXFLTXRjc0RpdkFDNwpwc2lSbUJ0M0tqMXdjREVuCi0tLS0tRU5EIENFUlRJRklDQVRFLS0tLS0K\n    server: https://flixtubex9-17800747.hcp.southeastasia.azmk8s.io:443\n  name: flixtubex9\ncontexts:\n- context:\n    cluster: flixtubex9\n    user: clusterUser_flixtubex9_flixtubex9\n  name: flixtubex9\ncurrent-context: flixtubex9\nkind: Config\npreferences: {}\nusers:\n- name: clusterUser_flixtubex9_flixtubex9\n  user:\n    client-certificate-data: LS0tLS1CRUdJTiBDRVJUSUZJQ0FURS0tLS0tCk1JSUZIVENDQXdXZ0F3SUJBZ0lRYzc2MzVPV3R1enBueTQ3dVJJQm8vVEFOQmdrcWhraUc5dzBCQVFzRkFEQU4KTVFzd0NRWURWUVFERXdKallUQWVGdzB5TXpBeU1UUXdOakEwTXpSYUZ3MHlOVEF5TVRRd05qRTBNelJhTURBeApGekFWQmdOVkJBb1REbk41YzNSbGJUcHRZWE4wWlhKek1SVXdFd1lEVlFRREV3eHRZWE4wWlhKamJHbGxiblF3CmdnSWlNQTBHQ1NxR1NJYjNEUUVCQVFVQUE0SUNEd0F3Z2dJS0FvSUNBUUN3ZVVUd3FyOXFzWFlucUhSbFFtUjMKQjJwNGRmVXpJL3Jmb2V2Ky9WQldydkR6TkN2Ynl6MmhvczZnbzFCL0t2M3k4SEtjTlZwWGk2NnpQQ2h3bk56agpVbVJnL2JPa1ZDNG5EMHVMcWtuOUs3YXI1Q29OcUZ1eXMzbENTL1pkQVJNdmU4emVMTDVURFo1Vk9RTmJVTWdRCmJualF2UHdqUE5OQ0ZmcExTNGRWYVhHcENSUVo4cENiYno4ejd1YXVHTUQ1U1pyS0t6cGJhd01KQVVBZHp6NkgKVVRTanZyRnZqcExtUDZEc0g4VmdydmhDQ1RLQVVSZVhpb240SXlqVU5IOE9ERDcwS0RkeUllSVJ1dTFiVEtMMwpsd0NWNzNId3BmR0x6VEFSd2hJcy8xMHJVcTZocFNjM3dNSHk3VWgzNlBYQW8wbGwwTU5WQjVBdEhOd2puR0hRClNZcXFqZENUV2JsOGRpNlg2Z0VRMysvakJXRTNxR1M1WkUyMWZyQldZU1FLdFlnOFgwaE1lbzhpK25QWmhXR2QKWWFHU2hIOXpvTzhsRnNmMGxXaitMd3lzdG1hczMySU43eEFIcHJQWFp4L04vWkhBR2FLRHBITU9EMUM4MGJJWQptOGhYU0dlbHNuc1JkSkRlVnI2RzQzWDNxdisvamtkL1h0WW9ibldSak91empUQUhrcUtRTHE5d0dJMndlMGZKCmYweHJIWlk3WnhhTW55U1BycDRMTWlmdHhVUnNyUzlKdTNBNVFqV0JOem9UQXBKdTRSWHlsMG1ydnYxaFdhSlYKeTUxayswc0JpVTFXdkQxSG03Z1IwWGNZeXRRVFU3c2hzQ1dWdldpUEt5cm9HSGpGWFo5ejF2cWphMHNNNFpoYQpSc294TG95M016SUc1NVRDK3JRSWdRSURBUUFCbzFZd1ZEQU9CZ05WSFE4QkFmOEVCQU1DQmFBd0V3WURWUjBsCkJBd3dDZ1lJS3dZQkJRVUhBd0l3REFZRFZSMFRBUUgvQkFJd0FEQWZCZ05WSFNNRUdEQVdnQlNtS01DaVpMeWMKaWlFWnNUcGp5TWZraWtQWnpEQU5CZ2txaGtpRzl3MEJBUXNGQUFPQ0FnRUFLY2IwUXdhWGc3UnBqby9Hd0JTWgo0VUNVSHhYT0xseklZRGJwbXVnQ21ONWdldFBjc21JV3hrRHcrWHVJNGNQWUF6Zk94cTJXendjenlaUVMvVktQCk8wVlU3Y1BCL21YVGtwL2g4T0tkYkdJamFFRytEY0hEV2pOaU5XWU5YbHFvZGJpZC8xK0ZuREh1WmdEb29rakcKUHpIZHRWaHVoOUlWalJpQnNVc0NDOVBDSXZZSllnaGljYi9zaDNZbExBaHpJOUlxbHRoV2plaHJnTHNxY0QwOQp2OG0yVHZsVXdMQThhaHBPaHFXT0NKaXVDWnNqL1F2R25Pc09oWXYrS3lrMXQ1WUVxMGNRQnRleXZoMyt0SmxzCkF6dFBhZ3dBcEdlUDVVRXIyWHFmWDQ2bGtKSHdqVUEyR1VMcVdOMzExUnFJK3AvYkFhd2JpTlVJZlBNSVY4UnIKUEpRQ1V2bTZWa1BWdTdJdVFkeXdXSlF5NUx4aFM1MUpxK0RpU3FUUU9xbTJhK0ZjNEs3aXJpUlh4UlVhZFpJQQp4SVpwQ1ZUUmZhY0lkdzA3dHo5a05YZVJBV3JtRlNaZzNVbkJ3UnJQZ0J3WDRSeXZuYUFMVHVrTGl4a2FBNXZvCk5ZZDRDRVJveWk5OTM2dkkvQnZNSTNpczRqd0U3S1lzZ0tFb0RUZEJVUGlqOG4wL296S2g1aW5mUGp0WHh4RFMKbGtGaXlUc2dUM3dxWmxWSngrTGUzTk5la2JJcG0xaHFwa3dBYVZZMlc3K1cxQjlLbVVPVmJQaUxld21YblEyVAorLzNWWUJIaHpMNWRXZCtxSHpMTDlQMXgyc0hYaHRmQ2l3bU5MOGxsRmNPcVI5SUt2SythWTBNUUJGTkY1dER0CllESW5TbU93TkxSZkZvRThkNVAxTEFrPQotLS0tLUVORCBDRVJUSUZJQ0FURS0tLS0tCg==\n    client-key-data: LS0tLS1CRUdJTiBSU0EgUFJJVkFURSBLRVktLS0tLQpNSUlKS1FJQkFBS0NBZ0VBc0hsRThLcS9hckYySjZoMFpVSmtkd2RxZUhYMU15UDYzNkhyL3YxUVZxN3c4elFyCjI4czlvYUxPb0tOUWZ5cjk4dkJ5bkRWYVY0dXVzendvY0p6YzQxSmtZUDJ6cEZRdUp3OUxpNnBKL1N1MnErUXEKRGFoYnNyTjVRa3YyWFFFVEwzdk0zaXkrVXcyZVZUa0RXMURJRUc1NDBMejhJenpUUWhYNlMwdUhWV2x4cVFrVQpHZktRbTI4L00rN21yaGpBK1VtYXlpczZXMnNEQ1FGQUhjOCtoMUUwbzc2eGI0NlM1aitnN0IvRllLNzRRZ2t5CmdGRVhsNHFKK0NNbzFEUi9EZ3crOUNnM2NpSGlFYnJ0VzB5aTk1Y0FsZTl4OEtYeGk4MHdFY0lTTFA5ZEsxS3UKb2FVbk44REI4dTFJZCtqMXdLTkpaZEREVlFlUUxSemNJNXhoMEVtS3FvM1FrMW01ZkhZdWwrb0JFTi92NHdWaApONmhrdVdSTnRYNndWbUVrQ3JXSVBGOUlUSHFQSXZwejJZVmhuV0doa29SL2M2RHZKUmJIOUpWby9pOE1yTFptCnJOOWlEZThRQjZhejEyY2Z6ZjJSd0JtaWc2UnpEZzlRdk5HeUdKdklWMGhucGJKN0VYU1EzbGEraHVOMTk2ci8KdjQ1SGYxN1dLRzUxa1l6cnM0MHdCNUtpa0M2dmNCaU5zSHRIeVg5TWF4MldPMmNXako4a2o2NmVDekluN2NWRQpiSzB2U2J0d09VSTFnVGM2RXdLU2J1RVY4cGRKcTc3OVlWbWlWY3VkWlB0TEFZbE5Wcnc5UjV1NEVkRjNHTXJVCkUxTzdJYkFsbGIxb2p5c3E2Qmg0eFYyZmM5YjZvMnRMRE9HWVdrYktNUzZNdHpNeUJ1ZVV3dnEwQ0lFQ0F3RUEKQVFLQ0FnQXNkUUIzR0t6TU5oU3IvUFlGcEdvbXlrbDZPMDBnS3dwQ1dFcFpuSHNtdXorY0pTSi9abjRLUURlSgpwRnJkRG5tWFFCZS9Ybmw1NElpTVFyVjFXUzhVWFdkSVArR0hubVZhRmJKVVp2dm91YUIxUVMrTzdVRGNqZllZClM0YXUrMXhYOC9veVpsYzBHUlF3S0FLK2VHVk9MbVpsUDViTlViOXV3SmFqYlUyVXFOR25ZZEFja1V6NHUxZlMKdjNhQm1WN1Q3a1QrZFZGb1FsY3JaNU05Yno0elhMUEVKSUFTdUhvdFl3NHBMZi9OVVliZEsrLzYvM0xRREdpaAppRW42MjVhK2RUdE95dXJjNThoSjZ5dHNlcXY3YjZFSUpLQXhuYnh5R2Fqb2NGbWYyRjBpVXR3SGdOR1diQXJ3CkpmTEJzb0JtblR3YVdETTlNb0NSdk5tQVp4OEVyTE52Y2pidzBITG1FYUhEYU1oOGo2NWZjM2ZVVkU2Y0M3eEIKbnlMNHhCc2RmWW1RRE9iZ1ZPYVlDc0JjTDVPS3RzUTZWbkRnMDlHd1NLY3VVaFJyZlpPb2M2SjlRaXVteFY0MApMR3I1R2VjUmpaTmZyVEhuSE83Ly9Pbjg5UXl4WXN6MVNUVDBrb083aUtUZEg3OUs0SkFpdEk4UU5IMXRXd09wCkhFWThKWjJmS1htcEhYUnkyVVNQYWg3ZFVvVi9VdnpWRHFlUWROeEJxQUtVYWZmYmJCaWlZWW5vT2VnVVVQNFgKYlFnbHRPT1FjcCt1Y0NwQ25XUEpvTTE0MmFXaXQ5MXhkMk1WV1hpakxWWDY0bTlCZE9RdHh4UHpLdlhNWS9zTgpwM2lpZFBveUx0STlWWVZkdkl3YkthWFUzL1lITXBHZmg2dndwZDhNenNmWmQzR25lUUtDQVFFQXkvdjFRdkdxCk1KRHZjdXdpRE10ZkNSMm4xQk5LQkFqY3R2VGpaT3l6UVVSbnI5Uk1GcXd4ckZZRk1UMXZUME50S3JBb0laQ3IKVTJnVmtBUTg0UVBPOG1kM3pmNi9FWUwrZUp2azBwS1Z1VGJJSVN0bWhIbXJhNUREZnMwTG1ycjU3UW9EWERkagphL21xa2pOK2JyU0pmRU1xWmtWQ21iYjE1S242eGROVVl1cWhwNk5wWmxpVjFvZXBPR3ZNYU1VK0xFaUhld0JwClQwcW9rdXJseVVmNXBKOGdoWVh4RDZLNnlLTi8yZmt4cmNwM0xZQlFVWEQvMDhTRkVhS0VaYS94NVc1VUZoT24KK1R0b2xpUklvSllEKzlsaUJ2VUpMWFdqQ1h6Nm5kMGIzem1vTHdNemFoL1d2S3hobmtBZmJUeEFCWmppWGVuQQpSMFAxZDhFSkRtNVdwd0tDQVFFQTNYbHVsM2FTZGtuWllzY1Vtb0Z2V1E0WXphVURBY0E5cFEvc01OUGJsR3FxCjY0czZGWFVhcDJuU0lNaG5ESmtGT2xiMkRVcUduQkpjM1NQT29qWUZ6am4vMjYwNXpadnYySjc0VlU1YTBPdHIKVWhMNHVaTFdVVW5MRzhtWUhEMGpHQldQMVpQUEt6M2JxdkRtWk5LbjJEZzlmUVNZQVJsVXlDYVlKenVkaE9jSwpDS1E5VG9oT2E4T0pma0Y0SVhuTkozajg2dDBKY1NFcUdUOFZoejQ2N0VZT3ZoeUxYMFh4RlU4bTlCSzJlcCt2CjFQSFoxNHlYbUdockxDVFlyOTU1cFY0SEhTY0d3T0hpSmRUa0xqemhkR2FRcWR0WWNIOS9EcjNxb091V1VJMlAKaUtLQTNoYjJHMnl2RHUwOXp2NE94V20zWForRWJoY0dGdGhIOTNNMGx3S0NBUUVBdTZtSVlWYzljTUxXV0E4Zgo0RTkxbGtoZkwzK3pkM1REd2RvWUhiQ1oxWERlUjJmenZHUWNxdVRVa0JGcUJ5ME1FTnJSZ05lOGx0WktDQjJ0CitJRnRjWnQ1SDkyKzRKaDREbk8xbDNoZUlIQml2QWxXbm9mbENlZTd3enRXOHJvVDFseUE3T1RVSmZFaVdMRGgKSDI0ZWttQ2tjRVJGMm03MVY3SjkwR1AwM2Evb212WitzRGJOV3ZtaDJCTnNrZkxzbVFiOUJVOUNrejBuUzBxcApybnoyRWRxSHErK203L0NSRUtkQ3AwRlgwQUJWbGxuWENxWC81azZFOGMxbktyb3N2QnU5WmpZZE1mRFM3bFpoCkxzUDAxRTJRbnIvdCtwR2dOY2x5TTZ2SXlad2N1MnVoY0gvc0tkWVpWT0svUnRySU41NEltOGZDS280K0ZUZFYKWXA1bVB3S0NBUUExcGN1UEx1NnRicGdVNEVweVhyWWRLVmdDd0Z6cEdLc1dCN1JiNDRYRi9zeW1QOVJ6RENuSApzYzl2bDN1MnhuNUlzblhwcEVyVkZYR2ZNNlJERUxqNVNuMWF0aXhSVE51ZGFteVhKV0xFUnJKNWNCVUZ4cmJaCmUvbVNJcFFSQ3hJc0xGVHFGR0xUZzZscFQrOVBMdVB2Y1RnYngzZ1dsQTlBYUhEazJBRUJCNEliczhVUjk5eWYKSi85dk1PYXJuVGgvdmtQdGxGdE1Kdzl1akNSbjNVQWlxWm02bldsNVM1VHBaNEgxRDI5YVpzSU40QU8zdmR1ZQoxSFJaZmhkckNvWUc4NjdmZGV1aDMxV0xlblZIYWdIbTAwMXBoN04xbEx5dlVudTZQVGJ0RGsxZGVKZWt0SVVyCkFYbXFNUGVPNDJXcWxrQVBrcXRlaTM4ekczTGJVdkhEQW9JQkFRQzQrUXFTOTBnb2QvZysvVkdzZkN1T214UEYKaFN3VjVFanZxNWJUV2Z5eTVhWFlFcUw2UmZTRHVrc0UyZ1Ywd1BVT2Z4TU85U3lBc2doODdnQXZTMVE4SWVLMApJWUFuSkQxaEhvVGNaYUxtTThPdStsL2laeFAzcVhRSm9MVlR0KzM2K2RTelNDKzdyV0xwbDJXbzhQcGVDcjJMCmMvandHdEpCYzgzZlNCenc5M2ZKVVNLelZza2h2TGNoK0M0bWVIR1ZvRmF2TUFENXJkSEpsY01KRmpuTkpoamsKcWFnM3A0eWRxeDBkZHhGZmErcXFWdkpORWdRdFZTbDd5RmsrVHI5alRPck1KMHZLb1J4d1Q2ZjlLUktPM1FBWQpseHBVSWVzeDNDR3lUL21QK3NkV0syNjE0S3E5MEllYnFYTkFOelZadmw0RS9TWE5lR1Nkakp2TWtKRngKLS0tLS1FTkQgUlNBIFBSSVZBVEUgS0VZLS0tLS0K\n    token: c22c0b4b3fe23ef27baddb88f6324bff025e6211177d1ea3796c602f3616cf0b404fd49af0acc6645c151130a95842a40d4269302c85b37adedca48ef5ffc849\n",
            "kubelet_identity": [],
            "kubernetes_version": "1.25.4",
            "linux_profile": [
              {
                "admin_username": "linux_admin",
                "ssh_key": [
                  {
                    "key_data": "ssh-rsa AAAAB3NzaC1yc2EAAAADAQABAAABAQClzvNRN3MEiT0Sozp0jkc2It0XnSZNaT6G/7mPTBURoC3sWl1lIleWNeGjyIUm/iFiEL0iZyP6BPAcqu42Qjl6paBpJTg+Szwe4NL3zt2rO5mf+XRUkTcTxYBp7DUxtO8iQOyga1X5LRjfOorkxblNB1Dv1LSxazBu1oJMIAxWGmVL62NDpJRuBmoLKTq0c4cVmVB+ksepEKxODbysuFsvpANW12UIcUk3b/jePIpbHAdhaY4NZxt+2c/HKEZedxkMW7DPAOgDLA3jnoJeUVBsLpwvFXJ2ksPgc+/1xc9YWw7X9oNUk+cW/8o7I60Ms1I42R91H4EhBj0X46Y5hDaD linux_admin@azure.com"
                  }
                ]
              }
            ],
            "local_account_disabled": false,
            "location": "southeastasia",
            "maintenance_window": [],
            "microsoft_defender": [],
            "monitor_metrics": [],
            "name": "flixtubex9",
            "network_profile": [
              {
                "dns_service_ip": "10.0.0.10",
                "docker_bridge_cidr": "172.17.0.1/16",
                "ebpf_data_plane": "",
                "ip_versions": [
                  "IPv4"
                ],
                "load_balancer_profile": [
                  {
                    "effective_outbound_ips": [
                      "/subscriptions/cd82a0fa-0de0-4d48-9ce3-ad4ecea30348/resourceGroups/MC_flixtubex9_flixtubex9_southeastasia/providers/Microsoft.Network/publicIPAddresses/0e0fff63-4d7e-479f-b425-30239b9277f8"
                    ],
                    "idle_timeout_in_minutes": 0,
                    "managed_outbound_ip_count": 1,
                    "managed_outbound_ipv6_count": 0,
                    "outbound_ip_address_ids": [],
                    "outbound_ip_prefix_ids": [],
                    "outbound_ports_allocated": 0
                  }
                ],
                "load_balancer_sku": "standard",
                "nat_gateway_profile": [],
                "network_mode": "",
                "network_plugin": "kubenet",
                "network_plugin_mode": "",
                "network_policy": "",
                "outbound_type": "loadBalancer",
                "pod_cidr": "10.244.0.0/16",
                "pod_cidrs": [
                  "10.244.0.0/16"
                ],
                "service_cidr": "10.0.0.0/16",
                "service_cidrs": [
                  "10.0.0.0/16"
                ]
              }
            ],
            "node_resource_group": "MC_flixtubex9_flixtubex9_southeastasia",
            "oidc_issuer_enabled": false,
            "oidc_issuer_url": "",
            "oms_agent": [],
            "open_service_mesh_enabled": null,
            "portal_fqdn": "flixtubex9-17800747.portal.hcp.southeastasia.azmk8s.io",
            "private_cluster_enabled": false,
            "private_cluster_public_fqdn_enabled": false,
            "private_dns_zone_id": null,
            "private_fqdn": "",
            "public_network_access_enabled": true,
            "resource_group_name": "flixtubex9",
            "role_based_access_control_enabled": true,
            "run_command_enabled": true,
            "service_principal": [
              {
                "client_id": "7bd4b568-8068-4e0b-849c-8b3b580b9cf7",
                "client_secret": "PPf8Q~UIkHQBpHstiFPUzHjxZehtdMegbra8zbGE"
              }
            ],
            "sku_tier": "Free",
            "storage_profile": [],
            "tags": {},
            "timeouts": null,
            "web_app_routing": [],
            "windows_profile": [],
            "workload_autoscaler_profile": [],
            "workload_identity_enabled": false
          },
          "sensitive_attributes": [],
          "private": "eyJlMmJmYjczMC1lY2FhLTExZTYtOGY4OC0zNDM2M2JjN2M0YzAiOnsiY3JlYXRlIjo1NDAwMDAwMDAwMDAwLCJkZWxldGUiOjU0MDAwMDAwMDAwMDAsInJlYWQiOjMwMDAwMDAwMDAwMCwidXBkYXRlIjo1NDAwMDAwMDAwMDAwfSwic2NoZW1hX3ZlcnNpb24iOiIyIn0=",
          "dependencies": [
            "azurerm_resource_group.flixtubex9",
            "tls_private_key.key"
          ]
        }
      ]
    },
    {
      "mode": "managed",
      "type": "azurerm_resource_group",
      "name": "flixtubex9",
      "provider": "provider[\"registry.terraform.io/hashicorp/azurerm\"]",
      "instances": [
        {
          "schema_version": 0,
          "attributes": {
            "id": "/subscriptions/cd82a0fa-0de0-4d48-9ce3-ad4ecea30348/resourceGroups/flixtubex9",
            "location": "southeastasia",
            "name": "flixtubex9",
            "tags": {},
            "timeouts": null
          },
          "sensitive_attributes": [],
          "private": "eyJlMmJmYjczMC1lY2FhLTExZTYtOGY4OC0zNDM2M2JjN2M0YzAiOnsiY3JlYXRlIjo1NDAwMDAwMDAwMDAwLCJkZWxldGUiOjU0MDAwMDAwMDAwMDAsInJlYWQiOjMwMDAwMDAwMDAwMCwidXBkYXRlIjo1NDAwMDAwMDAwMDAwfX0="
        }
      ]
    },
    {
      "mode": "managed",
      "type": "kubernetes_deployment",
      "name": "database",
      "provider": "provider[\"registry.terraform.io/hashicorp/kubernetes\"]",
      "instances": [
        {
          "schema_version": 1,
          "attributes": {
            "id": "default/database",
            "metadata": [
              {
                "annotations": {},
                "generate_name": "",
                "generation": 1,
                "labels": {
                  "pod": "database"
                },
                "name": "database",
                "namespace": "default",
                "resource_version": "1231",
                "uid": "e807fdd5-5436-4dda-af3a-c3ffebb38165"
              }
            ],
            "spec": [
              {
                "min_ready_seconds": 0,
                "paused": false,
                "progress_deadline_seconds": 600,
                "replicas": "1",
                "revision_history_limit": 10,
                "selector": [
                  {
                    "match_expressions": [],
                    "match_labels": {
                      "pod": "database"
                    }
                  }
                ],
                "strategy": [
                  {
                    "rolling_update": [
                      {
                        "max_surge": "25%",
                        "max_unavailable": "25%"
                      }
                    ],
                    "type": "RollingUpdate"
                  }
                ],
                "template": [
                  {
                    "metadata": [
                      {
                        "annotations": {},
                        "generate_name": "",
                        "generation": 0,
                        "labels": {
                          "pod": "database"
                        },
                        "name": "",
                        "namespace": "",
                        "resource_version": "",
                        "uid": ""
                      }
                    ],
                    "spec": [
                      {
                        "active_deadline_seconds": 0,
                        "affinity": [],
                        "automount_service_account_token": true,
                        "container": [
                          {
                            "args": [],
                            "command": [],
                            "env": [],
                            "env_from": [],
                            "image": "mongo:3.4",
                            "image_pull_policy": "IfNotPresent",
                            "lifecycle": [],
                            "liveness_probe": [],
                            "name": "database",
                            "port": [
                              {
                                "container_port": 27017,
                                "host_ip": "",
                                "host_port": 0,
                                "name": "",
                                "protocol": "TCP"
                              }
                            ],
                            "readiness_probe": [],
                            "resources": [
                              {
                                "limits": {},
                                "requests": {}
                              }
                            ],
                            "security_context": [],
                            "startup_probe": [],
                            "stdin": false,
                            "stdin_once": false,
                            "termination_message_path": "/dev/termination-log",
                            "termination_message_policy": "File",
                            "tty": false,
                            "volume_mount": [],
                            "working_dir": ""
                          }
                        ],
                        "dns_config": [],
                        "dns_policy": "ClusterFirst",
                        "enable_service_links": true,
                        "host_aliases": [],
                        "host_ipc": false,
                        "host_network": false,
                        "host_pid": false,
                        "hostname": "",
                        "image_pull_secrets": [],
                        "init_container": [],
                        "node_name": "",
                        "node_selector": {},
                        "priority_class_name": "",
                        "readiness_gate": [],
                        "restart_policy": "Always",
                        "runtime_class_name": "",
                        "security_context": [],
                        "service_account_name": "",
                        "share_process_namespace": false,
                        "subdomain": "",
                        "termination_grace_period_seconds": 30,
                        "toleration": [],
                        "topology_spread_constraint": [],
                        "volume": []
                      }
                    ]
                  }
                ]
              }
            ],
            "timeouts": null,
            "wait_for_rollout": true
          },
          "sensitive_attributes": [],
          "private": "eyJlMmJmYjczMC1lY2FhLTExZTYtOGY4OC0zNDM2M2JjN2M0YzAiOnsiY3JlYXRlIjo2MDAwMDAwMDAwMDAsImRlbGV0ZSI6NjAwMDAwMDAwMDAwLCJ1cGRhdGUiOjYwMDAwMDAwMDAwMH0sInNjaGVtYV92ZXJzaW9uIjoiMSJ9",
          "dependencies": [
            "azurerm_kubernetes_cluster.cluster",
            "azurerm_resource_group.flixtubex9",
            "tls_private_key.key"
          ]
        }
      ]
    },
    {
      "mode": "managed",
      "type": "kubernetes_deployment",
      "name": "rabbit",
      "provider": "provider[\"registry.terraform.io/hashicorp/kubernetes\"]",
      "instances": [
        {
          "schema_version": 1,
          "attributes": {
            "id": "default/rabbit",
            "metadata": [
              {
                "annotations": {},
                "generate_name": "",
                "generation": 1,
                "labels": {
                  "pod": "rabbit"
                },
                "name": "rabbit",
                "namespace": "default",
                "resource_version": "1275",
                "uid": "c4177e6d-bf72-4fab-aee2-f039007e7db9"
              }
            ],
            "spec": [
              {
                "min_ready_seconds": 0,
                "paused": false,
                "progress_deadline_seconds": 600,
                "replicas": "1",
                "revision_history_limit": 10,
                "selector": [
                  {
                    "match_expressions": [],
                    "match_labels": {
                      "pod": "rabbit"
                    }
                  }
                ],
                "strategy": [
                  {
                    "rolling_update": [
                      {
                        "max_surge": "25%",
                        "max_unavailable": "25%"
                      }
                    ],
                    "type": "RollingUpdate"
                  }
                ],
                "template": [
                  {
                    "metadata": [
                      {
                        "annotations": {},
                        "generate_name": "",
                        "generation": 0,
                        "labels": {
                          "pod": "rabbit"
                        },
                        "name": "",
                        "namespace": "",
                        "resource_version": "",
                        "uid": ""
                      }
                    ],
                    "spec": [
                      {
                        "active_deadline_seconds": 0,
                        "affinity": [],
                        "automount_service_account_token": true,
                        "container": [
                          {
                            "args": [],
                            "command": [],
                            "env": [],
                            "env_from": [],
                            "image": "rabbitmq:3.8.1-management",
                            "image_pull_policy": "IfNotPresent",
                            "lifecycle": [],
                            "liveness_probe": [],
                            "name": "rabbit",
                            "port": [
                              {
                                "container_port": 5672,
                                "host_ip": "",
                                "host_port": 0,
                                "name": "",
                                "protocol": "TCP"
                              }
                            ],
                            "readiness_probe": [],
                            "resources": [
                              {
                                "limits": {},
                                "requests": {}
                              }
                            ],
                            "security_context": [],
                            "startup_probe": [],
                            "stdin": false,
                            "stdin_once": false,
                            "termination_message_path": "/dev/termination-log",
                            "termination_message_policy": "File",
                            "tty": false,
                            "volume_mount": [],
                            "working_dir": ""
                          }
                        ],
                        "dns_config": [],
                        "dns_policy": "ClusterFirst",
                        "enable_service_links": true,
                        "host_aliases": [],
                        "host_ipc": false,
                        "host_network": false,
                        "host_pid": false,
                        "hostname": "",
                        "image_pull_secrets": [],
                        "init_container": [],
                        "node_name": "",
                        "node_selector": {},
                        "priority_class_name": "",
                        "readiness_gate": [],
                        "restart_policy": "Always",
                        "runtime_class_name": "",
                        "security_context": [],
                        "service_account_name": "",
                        "share_process_namespace": false,
                        "subdomain": "",
                        "termination_grace_period_seconds": 30,
                        "toleration": [],
                        "topology_spread_constraint": [],
                        "volume": []
                      }
                    ]
                  }
                ]
              }
            ],
            "timeouts": null,
            "wait_for_rollout": true
          },
          "sensitive_attributes": [],
          "private": "eyJlMmJmYjczMC1lY2FhLTExZTYtOGY4OC0zNDM2M2JjN2M0YzAiOnsiY3JlYXRlIjo2MDAwMDAwMDAwMDAsImRlbGV0ZSI6NjAwMDAwMDAwMDAwLCJ1cGRhdGUiOjYwMDAwMDAwMDAwMH0sInNjaGVtYV92ZXJzaW9uIjoiMSJ9",
          "dependencies": [
            "azurerm_kubernetes_cluster.cluster",
            "azurerm_resource_group.flixtubex9",
            "tls_private_key.key"
          ]
        }
      ]
    },
    {
      "mode": "managed",
      "type": "kubernetes_service",
      "name": "database",
      "provider": "provider[\"registry.terraform.io/hashicorp/kubernetes\"]",
      "instances": [
        {
          "schema_version": 1,
          "attributes": {
            "id": "default/db",
            "metadata": [
              {
                "annotations": {},
                "generate_name": "",
                "generation": 0,
                "labels": {},
                "name": "db",
                "namespace": "default",
                "resource_version": "1241",
                "uid": "aacf62d5-b46d-4200-8314-ece4441dc0a6"
              }
            ],
            "spec": [
              {
                "allocate_load_balancer_node_ports": true,
                "cluster_ip": "10.0.22.235",
                "cluster_ips": [
                  "10.0.22.235"
                ],
                "external_ips": [],
                "external_name": "",
                "external_traffic_policy": "",
                "health_check_node_port": 0,
                "internal_traffic_policy": "Cluster",
                "ip_families": [
                  "IPv4"
                ],
                "ip_family_policy": "SingleStack",
                "load_balancer_class": "",
                "load_balancer_ip": "",
                "load_balancer_source_ranges": [],
                "port": [
                  {
                    "app_protocol": "",
                    "name": "",
                    "node_port": 0,
                    "port": 27017,
                    "protocol": "TCP",
                    "target_port": "27017"
                  }
                ],
                "publish_not_ready_addresses": false,
                "selector": {
                  "pod": "database"
                },
                "session_affinity": "None",
                "session_affinity_config": [],
                "type": "ClusterIP"
              }
            ],
            "status": [
              {
                "load_balancer": [
                  {
                    "ingress": []
                  }
                ]
              }
            ],
            "timeouts": null,
            "wait_for_load_balancer": true
          },
          "sensitive_attributes": [],
          "private": "eyJlMmJmYjczMC1lY2FhLTExZTYtOGY4OC0zNDM2M2JjN2M0YzAiOnsiY3JlYXRlIjo2MDAwMDAwMDAwMDB9LCJzY2hlbWFfdmVyc2lvbiI6IjEifQ==",
          "dependencies": [
            "azurerm_kubernetes_cluster.cluster",
            "azurerm_resource_group.flixtubex9",
            "kubernetes_deployment.database",
            "tls_private_key.key"
          ]
        }
      ]
    },
    {
      "mode": "managed",
      "type": "kubernetes_service",
      "name": "rabbit",
      "provider": "provider[\"registry.terraform.io/hashicorp/kubernetes\"]",
      "instances": [
        {
          "schema_version": 1,
          "attributes": {
            "id": "default/rabbit",
            "metadata": [
              {
                "annotations": {},
                "generate_name": "",
                "generation": 0,
                "labels": {},
                "name": "rabbit",
                "namespace": "default",
                "resource_version": "1287",
                "uid": "a8dd9e88-08ab-4fce-8870-7032e005dd84"
              }
            ],
            "spec": [
              {
                "allocate_load_balancer_node_ports": true,
                "cluster_ip": "10.0.58.137",
                "cluster_ips": [
                  "10.0.58.137"
                ],
                "external_ips": [],
                "external_name": "",
                "external_traffic_policy": "",
                "health_check_node_port": 0,
                "internal_traffic_policy": "Cluster",
                "ip_families": [
                  "IPv4"
                ],
                "ip_family_policy": "SingleStack",
                "load_balancer_class": "",
                "load_balancer_ip": "",
                "load_balancer_source_ranges": [],
                "port": [
                  {
                    "app_protocol": "",
                    "name": "",
                    "node_port": 0,
                    "port": 5672,
                    "protocol": "TCP",
                    "target_port": "5672"
                  }
                ],
                "publish_not_ready_addresses": false,
                "selector": {
                  "pod": "rabbit"
                },
                "session_affinity": "None",
                "session_affinity_config": [],
                "type": "ClusterIP"
              }
            ],
            "status": [
              {
                "load_balancer": [
                  {
                    "ingress": []
                  }
                ]
              }
            ],
            "timeouts": null,
            "wait_for_load_balancer": true
          },
          "sensitive_attributes": [],
          "private": "eyJlMmJmYjczMC1lY2FhLTExZTYtOGY4OC0zNDM2M2JjN2M0YzAiOnsiY3JlYXRlIjo2MDAwMDAwMDAwMDB9LCJzY2hlbWFfdmVyc2lvbiI6IjEifQ==",
          "dependencies": [
            "azurerm_kubernetes_cluster.cluster",
            "azurerm_resource_group.flixtubex9",
            "kubernetes_deployment.rabbit",
            "tls_private_key.key"
          ]
        }
      ]
    },
    {
      "mode": "managed",
      "type": "tls_private_key",
      "name": "key",
      "provider": "provider[\"registry.terraform.io/hashicorp/tls\"]",
      "instances": [
        {
          "schema_version": 0,
          "attributes": {
            "algorithm": "RSA",
            "ecdsa_curve": "P224",
            "id": "5949edc867a9bdaa5d772134538683e469f823bc",
            "private_key_pem": "-----BEGIN RSA PRIVATE KEY-----\nMIIEpAIBAAKCAQEApc7zUTdzBIk9EqM6dI5HNiLdF50mTWk+hv+5j0wVEaAt7Fpd\nZSJXljXho8iFJv4hYhC9Imcj+gTwHKruNkI5eqWgaSU4Pks8HuDS987dqzuZn/l0\nVJE3E8WAaew1MbTvIkDsoGtV+S0Y3zqK5MW5TQdQ79S0sWswbtaCTCAMVhplS+tj\nQ6SUbgZqCyk6tHOHFZlQfpLHqRCsTg28rLhbL6QDVtdlCHFJN2/43jyKWxwHYWmO\nDWcbftnPxyhGXncZDFuwzwDoAywN456CXlFQbC6cLxVydpLD4HPv9cXPWFsO1/aD\nVJPnFv/KOyOtDLNSONkfdR+BIQY9F+OmOYQ2gwIDAQABAoIBABYZekbF7Debjx9P\n0De+yvEFPpCqKnPA5kuaBAJ8coZx4g0Rkkcrh58GuXdZ/51N2+c1MfBG7P2i8Nnx\nUmS6+OxG7RV2l4N+BZpb/uJ2mQb8n6I53m5zGHMzLMVxbTmd0w2ut5s+Eyxt/VWr\neN27GNKSehAtOpQ3JDJxttYso1hKX2+RBRuN4VXmdRpwlVg8LH2Jf6oD85c7ZNBq\n2JKtnP5/EMMivyneI2yAQeHOOXfyzlLq/Y6V+svJNHfKMcTAaFqueq0VRsUC5KIT\nirghTCbFpfOuxpvW2dqbw/xRSsTP+1GjYbBWqfAdOcoiXEo9PbM2cDVuJptcGvqX\neDEhYbECgYEA0Bn2I61p7yqpeLB4yTpvi+E9R4JIGOnitG+RukBjK7PxOZ2S6v+x\nd9QsifD6Ov8mGurB4hYXyryS0sNW9DNQW0VipyrYtSnMc8wyfJdn8C/iWnjK1wfG\n/nJVgjuavW0sSCkpmz6JGNrOD8XxKnMTg6kx4TG44Onb8KIZi1XtmqsCgYEAy/jx\nGKZZN2Vsn0Rsv+ETDaW4hfdonfLC0a/lSCjNlv5g1kLoy1+bht6gphxaVYI6YLRl\ne1QFzSV0FcAgo8ML3QQr56DRP3jfxgYvILhYadEn7HJ7bLplQ1I6uN5xUTg1t9XJ\nu1eIrDc8i6wz7wyU4INmFJ8QWAQ1R22ZfYylU4kCgYBgHS2G6ug7k2u0l2UiI8Az\nTfOcnHqqLxQLHGClMmnbXH+0iae6rCAOZUuw5kDckM3LrtOflW6lr5TsjVYS8cRS\nc2iOJwbyHX0VmqFS1CcoUyVrfdDJogjxqmL+BIOCq/LA3WofDrIJbb2woU6yuXWw\n4KtuBCYMk1aG/IdpyGU2gwKBgQCwuiWzFNZyH+eoazHKYqoOhgrF0CKNz7uq0LtY\n9TmEXSzsGBb5twHbLmOE6UX/lpEcHtFatOc94vicq9Xb7fAGdEnSLE2AsCs6uTr2\nH6NDM9xiiqKUB0Abv1BvwxPtqkUo3gwmzOX3SPilj/ODaKRJjq/QqC0SBbtgAv8d\nf9Hy+QKBgQCM0ulwUM5UWzQYNqyGicb8l5IO0dzLSlbmZJTV40KrsrwMuUaVrS5E\nqvR9SzQBAcFE7BXze15NiIkJSICurtkWbr5LlxOuJWjtI7sqqNHJ4CKd8l72NtPS\nxmaItlM/xxhRZeYu3AW2xPdCDoLaBm+MbjSWpP8ZLpnJVyLTsn5oog==\n-----END RSA PRIVATE KEY-----\n",
            "public_key_fingerprint_md5": "f0:41:4d:e9:21:2c:dc:c3:44:f8:d5:95:34:45:0d:9b",
            "public_key_openssh": "ssh-rsa AAAAB3NzaC1yc2EAAAADAQABAAABAQClzvNRN3MEiT0Sozp0jkc2It0XnSZNaT6G/7mPTBURoC3sWl1lIleWNeGjyIUm/iFiEL0iZyP6BPAcqu42Qjl6paBpJTg+Szwe4NL3zt2rO5mf+XRUkTcTxYBp7DUxtO8iQOyga1X5LRjfOorkxblNB1Dv1LSxazBu1oJMIAxWGmVL62NDpJRuBmoLKTq0c4cVmVB+ksepEKxODbysuFsvpANW12UIcUk3b/jePIpbHAdhaY4NZxt+2c/HKEZedxkMW7DPAOgDLA3jnoJeUVBsLpwvFXJ2ksPgc+/1xc9YWw7X9oNUk+cW/8o7I60Ms1I42R91H4EhBj0X46Y5hDaD\n",
            "public_key_pem": "-----BEGIN PUBLIC KEY-----\nMIIBIjANBgkqhkiG9w0BAQEFAAOCAQ8AMIIBCgKCAQEApc7zUTdzBIk9EqM6dI5H\nNiLdF50mTWk+hv+5j0wVEaAt7FpdZSJXljXho8iFJv4hYhC9Imcj+gTwHKruNkI5\neqWgaSU4Pks8HuDS987dqzuZn/l0VJE3E8WAaew1MbTvIkDsoGtV+S0Y3zqK5MW5\nTQdQ79S0sWswbtaCTCAMVhplS+tjQ6SUbgZqCyk6tHOHFZlQfpLHqRCsTg28rLhb\nL6QDVtdlCHFJN2/43jyKWxwHYWmODWcbftnPxyhGXncZDFuwzwDoAywN456CXlFQ\nbC6cLxVydpLD4HPv9cXPWFsO1/aDVJPnFv/KOyOtDLNSONkfdR+BIQY9F+OmOYQ2\ngwIDAQAB\n-----END PUBLIC KEY-----\n",
            "rsa_bits": 2048
          },
          "sensitive_attributes": [],
          "private": "bnVsbA=="
        }
      ]
    },
    {
      "module": "module.azure-storage-microservice",
      "mode": "managed",
      "type": "kubernetes_deployment",
      "name": "service_deployment",
      "provider": "provider[\"registry.terraform.io/hashicorp/kubernetes\"]",
      "instances": [
        {
          "schema_version": 1,
          "attributes": {
            "id": "default/azure-storage",
            "metadata": [
              {
                "annotations": null,
                "generate_name": "",
                "generation": 1,
                "labels": {
                  "pod": "azure-storage"
                },
                "name": "azure-storage",
                "namespace": "default",
                "resource_version": "2902",
                "uid": "84453883-1710-4666-b72f-33cc7302242b"
              }
            ],
            "spec": [
              {
                "min_ready_seconds": 0,
                "paused": false,
                "progress_deadline_seconds": 600,
                "replicas": "1",
                "revision_history_limit": 10,
                "selector": [
                  {
                    "match_expressions": [],
                    "match_labels": {
                      "pod": "azure-storage"
                    }
                  }
                ],
                "strategy": [
                  {
                    "rolling_update": [
                      {
                        "max_surge": "25%",
                        "max_unavailable": "25%"
                      }
                    ],
                    "type": "RollingUpdate"
                  }
                ],
                "template": [
                  {
                    "metadata": [
                      {
                        "annotations": null,
                        "generate_name": "",
                        "generation": 0,
                        "labels": {
                          "pod": "azure-storage"
                        },
                        "name": "",
                        "namespace": "",
                        "resource_version": "",
                        "uid": ""
                      }
                    ],
                    "spec": [
                      {
                        "active_deadline_seconds": 0,
                        "affinity": [],
                        "automount_service_account_token": true,
                        "container": [
                          {
                            "args": null,
                            "command": null,
                            "env": [
                              {
                                "name": "PORT",
                                "value": "80",
                                "value_from": []
                              },
                              {
                                "name": "STORAGE_ACCESS_KEY",
                                "value": "4GixY4ZFhriyfQDT1dcOBPwZJinBHIOjHmHi2KPVwnSLB5UKLvIao1Zyfd8Nj1IWZlr0myTLORBD+AStykWfag==",
                                "value_from": []
                              },
                              {
                                "name": "STORAGE_ACCOUNT_NAME",
                                "value": "flixtubex9terraform",
                                "value_from": []
                              }
                            ],
                            "env_from": [],
                            "image": "flixtubex9.azurecr.io/azure-storage:1",
                            "image_pull_policy": "IfNotPresent",
                            "lifecycle": [],
                            "liveness_probe": [],
                            "name": "azure-storage",
                            "port": [],
                            "readiness_probe": [],
                            "resources": [
                              {
                                "limits": {},
                                "requests": {}
                              }
                            ],
                            "security_context": [],
                            "startup_probe": [],
                            "stdin": false,
                            "stdin_once": false,
                            "termination_message_path": "/dev/termination-log",
                            "termination_message_policy": "File",
                            "tty": false,
                            "volume_mount": [],
                            "working_dir": ""
                          }
                        ],
                        "dns_config": [],
                        "dns_policy": "ClusterFirst",
                        "enable_service_links": true,
                        "host_aliases": [],
                        "host_ipc": false,
                        "host_network": false,
                        "host_pid": false,
                        "hostname": "",
                        "image_pull_secrets": [
                          {
                            "name": "azure-storage-docker-credentials"
                          }
                        ],
                        "init_container": [],
                        "node_name": "",
                        "node_selector": null,
                        "priority_class_name": "",
                        "readiness_gate": [],
                        "restart_policy": "Always",
                        "runtime_class_name": "",
                        "security_context": [],
                        "service_account_name": "",
                        "share_process_namespace": false,
                        "subdomain": "",
                        "termination_grace_period_seconds": 30,
                        "toleration": [],
                        "topology_spread_constraint": [],
                        "volume": []
                      }
                    ]
                  }
                ]
              }
            ],
            "timeouts": null,
            "wait_for_rollout": true
          },
          "sensitive_attributes": [],
          "private": "eyJlMmJmYjczMC1lY2FhLTExZTYtOGY4OC0zNDM2M2JjN2M0YzAiOnsiY3JlYXRlIjo2MDAwMDAwMDAwMDAsImRlbGV0ZSI6NjAwMDAwMDAwMDAwLCJ1cGRhdGUiOjYwMDAwMDAwMDAwMH0sInNjaGVtYV92ZXJzaW9uIjoiMSJ9",
          "dependencies": [
            "azurerm_container_registry.container_registry",
            "azurerm_kubernetes_cluster.cluster",
            "module.azure-storage-microservice.kubernetes_secret.docker_credentials",
            "module.azure-storage-microservice.null_resource.docker_build",
            "module.azure-storage-microservice.null_resource.docker_login",
            "module.azure-storage-microservice.null_resource.docker_push"
          ]
        }
      ]
    },
    {
      "module": "module.azure-storage-microservice",
      "mode": "managed",
      "type": "kubernetes_secret",
      "name": "docker_credentials",
      "provider": "provider[\"registry.terraform.io/hashicorp/kubernetes\"]",
      "instances": [
        {
          "schema_version": 0,
          "attributes": {
            "binary_data": null,
            "data": {
              ".dockerconfigjson": "{\"auths\":{\"flixtubex9.azurecr.io\":{\"auth\":\"ZmxpeHR1YmV4OTovSDhEeDArdFE5VUQ3aW40NFhoaVI1M3ZjRU9mQzRDQ1VsVDZWUXR4S3crQUNSRFNtc2VJ\"}}}"
            },
            "id": "default/azure-storage-docker-credentials",
            "immutable": false,
            "metadata": [
              {
                "annotations": {},
                "generate_name": "",
                "generation": 0,
                "labels": {},
                "name": "azure-storage-docker-credentials",
                "namespace": "default",
                "resource_version": "1156",
                "uid": "f3d181fb-254e-4385-979c-186b78fc6c9a"
              }
            ],
            "timeouts": null,
            "type": "kubernetes.io/dockerconfigjson",
            "wait_for_service_account_token": true
          },
          "sensitive_attributes": [
            [
              {
                "type": "get_attr",
                "value": "data"
              },
              {
                "type": "index",
                "value": {
                  "value": ".dockerconfigjson",
                  "type": "string"
                }
              }
            ]
          ],
          "private": "eyJlMmJmYjczMC1lY2FhLTExZTYtOGY4OC0zNDM2M2JjN2M0YzAiOnsiY3JlYXRlIjo2MDAwMDAwMDAwMH19",
          "dependencies": [
            "azurerm_container_registry.container_registry",
            "azurerm_kubernetes_cluster.cluster",
            "azurerm_resource_group.flixtubex9",
            "tls_private_key.key"
          ]
        }
      ]
    },
    {
      "module": "module.azure-storage-microservice",
      "mode": "managed",
      "type": "kubernetes_service",
      "name": "service",
      "provider": "provider[\"registry.terraform.io/hashicorp/kubernetes\"]",
      "instances": [
        {
          "schema_version": 1,
          "attributes": {
            "id": "default/video-storage",
            "metadata": [
              {
                "annotations": null,
                "generate_name": "",
                "generation": 0,
                "labels": null,
                "name": "video-storage",
                "namespace": "default",
                "resource_version": "2905",
                "uid": "8b3ecc0c-ea41-47f0-a032-d017a9d019c7"
              }
            ],
            "spec": [
              {
                "allocate_load_balancer_node_ports": true,
                "cluster_ip": "10.0.60.197",
                "cluster_ips": [
                  "10.0.60.197"
                ],
                "external_ips": null,
                "external_name": "",
                "external_traffic_policy": "",
                "health_check_node_port": 0,
                "internal_traffic_policy": "Cluster",
                "ip_families": [
                  "IPv4"
                ],
                "ip_family_policy": "SingleStack",
                "load_balancer_class": "",
                "load_balancer_ip": "",
                "load_balancer_source_ranges": null,
                "port": [
                  {
                    "app_protocol": "",
                    "name": "",
                    "node_port": 0,
                    "port": 80,
                    "protocol": "TCP",
                    "target_port": "80"
                  }
                ],
                "publish_not_ready_addresses": false,
                "selector": {
                  "pod": "azure-storage"
                },
                "session_affinity": "None",
                "session_affinity_config": [],
                "type": "ClusterIP"
              }
            ],
            "status": [
              {
                "load_balancer": [
                  {
                    "ingress": []
                  }
                ]
              }
            ],
            "timeouts": null,
            "wait_for_load_balancer": true
          },
          "sensitive_attributes": [],
          "private": "eyJlMmJmYjczMC1lY2FhLTExZTYtOGY4OC0zNDM2M2JjN2M0YzAiOnsiY3JlYXRlIjo2MDAwMDAwMDAwMDB9LCJzY2hlbWFfdmVyc2lvbiI6IjEifQ==",
          "dependencies": [
            "azurerm_container_registry.container_registry",
            "azurerm_kubernetes_cluster.cluster",
            "module.azure-storage-microservice.kubernetes_deployment.service_deployment",
            "module.azure-storage-microservice.kubernetes_secret.docker_credentials",
            "module.azure-storage-microservice.null_resource.docker_build",
            "module.azure-storage-microservice.null_resource.docker_login",
            "module.azure-storage-microservice.null_resource.docker_push"
          ]
        }
      ]
    },
    {
      "module": "module.azure-storage-microservice",
      "mode": "managed",
      "type": "null_resource",
      "name": "docker_build",
      "provider": "provider[\"registry.terraform.io/hashicorp/null\"]",
      "instances": [
        {
          "schema_version": 0,
          "attributes": {
            "id": "3483582209089347887",
            "triggers": {
              "always_run": "2023-02-14T06:20:57Z"
            }
          },
          "sensitive_attributes": [],
          "private": "bnVsbA==",
          "dependencies": [
            "azurerm_container_registry.container_registry"
          ]
        }
      ]
    },
    {
      "module": "module.azure-storage-microservice",
      "mode": "managed",
      "type": "null_resource",
      "name": "docker_login",
      "provider": "provider[\"registry.terraform.io/hashicorp/null\"]",
      "instances": [
        {
          "schema_version": 0,
          "attributes": {
            "id": "8210286529312604318",
            "triggers": {
              "always_run": "2023-02-14T06:23:50Z"
            }
          },
          "sensitive_attributes": [],
          "private": "bnVsbA==",
          "dependencies": [
            "azurerm_container_registry.container_registry",
            "module.azure-storage-microservice.null_resource.docker_build"
          ]
        }
      ]
    },
    {
      "module": "module.azure-storage-microservice",
      "mode": "managed",
      "type": "null_resource",
      "name": "docker_push",
      "provider": "provider[\"registry.terraform.io/hashicorp/null\"]",
      "instances": [
        {
          "schema_version": 0,
          "attributes": {
            "id": "9612087222190592",
            "triggers": {
              "always_run": "2023-02-14T06:23:53Z"
            }
          },
          "sensitive_attributes": [],
          "private": "bnVsbA==",
          "dependencies": [
            "azurerm_container_registry.container_registry",
            "module.azure-storage-microservice.null_resource.docker_build",
            "module.azure-storage-microservice.null_resource.docker_login"
          ]
        }
      ]
    },
    {
      "module": "module.gateway-microservice",
      "mode": "managed",
      "type": "kubernetes_deployment",
      "name": "service_deployment",
      "provider": "provider[\"registry.terraform.io/hashicorp/kubernetes\"]",
      "instances": [
        {
          "schema_version": 1,
          "attributes": {
            "id": "default/gateway",
            "metadata": [
              {
                "annotations": null,
                "generate_name": "",
                "generation": 1,
                "labels": {
                  "pod": "gateway"
                },
                "name": "gateway",
                "namespace": "default",
                "resource_version": "2542",
                "uid": "57a31685-90ce-4fcb-ba82-c1fd06ce3700"
              }
            ],
            "spec": [
              {
                "min_ready_seconds": 0,
                "paused": false,
                "progress_deadline_seconds": 600,
                "replicas": "1",
                "revision_history_limit": 10,
                "selector": [
                  {
                    "match_expressions": [],
                    "match_labels": {
                      "pod": "gateway"
                    }
                  }
                ],
                "strategy": [
                  {
                    "rolling_update": [
                      {
                        "max_surge": "25%",
                        "max_unavailable": "25%"
                      }
                    ],
                    "type": "RollingUpdate"
                  }
                ],
                "template": [
                  {
                    "metadata": [
                      {
                        "annotations": null,
                        "generate_name": "",
                        "generation": 0,
                        "labels": {
                          "pod": "gateway"
                        },
                        "name": "",
                        "namespace": "",
                        "resource_version": "",
                        "uid": ""
                      }
                    ],
                    "spec": [
                      {
                        "active_deadline_seconds": 0,
                        "affinity": [],
                        "automount_service_account_token": true,
                        "container": [
                          {
                            "args": null,
                            "command": null,
                            "env": [
                              {
                                "name": "PORT",
                                "value": "80",
                                "value_from": []
                              },
                              {
                                "name": "RABBIT",
                                "value": "amqp://guest:guest@rabbit:5672",
                                "value_from": []
                              }
                            ],
                            "env_from": [],
                            "image": "flixtubex9.azurecr.io/gateway:1",
                            "image_pull_policy": "IfNotPresent",
                            "lifecycle": [],
                            "liveness_probe": [],
                            "name": "gateway",
                            "port": [],
                            "readiness_probe": [],
                            "resources": [
                              {
                                "limits": {},
                                "requests": {}
                              }
                            ],
                            "security_context": [],
                            "startup_probe": [],
                            "stdin": false,
                            "stdin_once": false,
                            "termination_message_path": "/dev/termination-log",
                            "termination_message_policy": "File",
                            "tty": false,
                            "volume_mount": [],
                            "working_dir": ""
                          }
                        ],
                        "dns_config": [],
                        "dns_policy": "ClusterFirst",
                        "enable_service_links": true,
                        "host_aliases": [],
                        "host_ipc": false,
                        "host_network": false,
                        "host_pid": false,
                        "hostname": "",
                        "image_pull_secrets": [
                          {
                            "name": "gateway-docker-credentials"
                          }
                        ],
                        "init_container": [],
                        "node_name": "",
                        "node_selector": null,
                        "priority_class_name": "",
                        "readiness_gate": [],
                        "restart_policy": "Always",
                        "runtime_class_name": "",
                        "security_context": [],
                        "service_account_name": "",
                        "share_process_namespace": false,
                        "subdomain": "",
                        "termination_grace_period_seconds": 30,
                        "toleration": [],
                        "topology_spread_constraint": [],
                        "volume": []
                      }
                    ]
                  }
                ]
              }
            ],
            "timeouts": null,
            "wait_for_rollout": true
          },
          "sensitive_attributes": [],
          "private": "eyJlMmJmYjczMC1lY2FhLTExZTYtOGY4OC0zNDM2M2JjN2M0YzAiOnsiY3JlYXRlIjo2MDAwMDAwMDAwMDAsImRlbGV0ZSI6NjAwMDAwMDAwMDAwLCJ1cGRhdGUiOjYwMDAwMDAwMDAwMH0sInNjaGVtYV92ZXJzaW9uIjoiMSJ9",
          "dependencies": [
            "azurerm_container_registry.container_registry",
            "azurerm_kubernetes_cluster.cluster",
            "module.gateway-microservice.kubernetes_secret.docker_credentials",
            "module.gateway-microservice.null_resource.docker_build",
            "module.gateway-microservice.null_resource.docker_login",
            "module.gateway-microservice.null_resource.docker_push"
          ]
        }
      ]
    },
    {
      "module": "module.gateway-microservice",
      "mode": "managed",
      "type": "kubernetes_secret",
      "name": "docker_credentials",
      "provider": "provider[\"registry.terraform.io/hashicorp/kubernetes\"]",
      "instances": [
        {
          "schema_version": 0,
          "attributes": {
            "binary_data": null,
            "data": {
              ".dockerconfigjson": "{\"auths\":{\"flixtubex9.azurecr.io\":{\"auth\":\"ZmxpeHR1YmV4OTovSDhEeDArdFE5VUQ3aW40NFhoaVI1M3ZjRU9mQzRDQ1VsVDZWUXR4S3crQUNSRFNtc2VJ\"}}}"
            },
            "id": "default/gateway-docker-credentials",
            "immutable": false,
            "metadata": [
              {
                "annotations": {},
                "generate_name": "",
                "generation": 0,
                "labels": {},
                "name": "gateway-docker-credentials",
                "namespace": "default",
                "resource_version": "1159",
                "uid": "7772995d-38a3-4844-9c92-af27d7845321"
              }
            ],
            "timeouts": null,
            "type": "kubernetes.io/dockerconfigjson",
            "wait_for_service_account_token": true
          },
          "sensitive_attributes": [
            [
              {
                "type": "get_attr",
                "value": "data"
              },
              {
                "type": "index",
                "value": {
                  "value": ".dockerconfigjson",
                  "type": "string"
                }
              }
            ]
          ],
          "private": "eyJlMmJmYjczMC1lY2FhLTExZTYtOGY4OC0zNDM2M2JjN2M0YzAiOnsiY3JlYXRlIjo2MDAwMDAwMDAwMH19",
          "dependencies": [
            "azurerm_container_registry.container_registry",
            "azurerm_kubernetes_cluster.cluster",
            "azurerm_resource_group.flixtubex9",
            "tls_private_key.key"
          ]
        }
      ]
    },
    {
      "module": "module.gateway-microservice",
      "mode": "managed",
      "type": "kubernetes_service",
      "name": "service",
      "provider": "provider[\"registry.terraform.io/hashicorp/kubernetes\"]",
      "instances": [
        {
          "schema_version": 1,
          "attributes": {
            "id": "default/gateway",
            "metadata": [
              {
                "annotations": null,
                "generate_name": "",
                "generation": 0,
                "labels": null,
                "name": "gateway",
                "namespace": "default",
                "resource_version": "2589",
                "uid": "32d0a3fc-0c23-4138-8b63-8d2518a7b6f6"
              }
            ],
            "spec": [
              {
                "allocate_load_balancer_node_ports": true,
                "cluster_ip": "10.0.199.178",
                "cluster_ips": [
                  "10.0.199.178"
                ],
                "external_ips": null,
                "external_name": "",
                "external_traffic_policy": "Cluster",
                "health_check_node_port": 0,
                "internal_traffic_policy": "Cluster",
                "ip_families": [
                  "IPv4"
                ],
                "ip_family_policy": "SingleStack",
                "load_balancer_class": "",
                "load_balancer_ip": "",
                "load_balancer_source_ranges": null,
                "port": [
                  {
                    "app_protocol": "",
                    "name": "",
                    "node_port": 30079,
                    "port": 80,
                    "protocol": "TCP",
                    "target_port": "80"
                  }
                ],
                "publish_not_ready_addresses": false,
                "selector": {
                  "pod": "gateway"
                },
                "session_affinity": "ClientIP",
                "session_affinity_config": [
                  {
                    "client_ip": [
                      {
                        "timeout_seconds": 10800
                      }
                    ]
                  }
                ],
                "type": "LoadBalancer"
              }
            ],
            "status": [
              {
                "load_balancer": [
                  {
                    "ingress": [
                      {
                        "hostname": "",
                        "ip": "40.119.242.36"
                      }
                    ]
                  }
                ]
              }
            ],
            "timeouts": null,
            "wait_for_load_balancer": true
          },
          "sensitive_attributes": [],
          "private": "eyJlMmJmYjczMC1lY2FhLTExZTYtOGY4OC0zNDM2M2JjN2M0YzAiOnsiY3JlYXRlIjo2MDAwMDAwMDAwMDB9LCJzY2hlbWFfdmVyc2lvbiI6IjEifQ==",
          "dependencies": [
            "azurerm_container_registry.container_registry",
            "azurerm_kubernetes_cluster.cluster",
            "module.gateway-microservice.kubernetes_deployment.service_deployment",
            "module.gateway-microservice.kubernetes_secret.docker_credentials",
            "module.gateway-microservice.null_resource.docker_build",
            "module.gateway-microservice.null_resource.docker_login",
            "module.gateway-microservice.null_resource.docker_push"
          ]
        }
      ]
    },
    {
      "module": "module.gateway-microservice",
      "mode": "managed",
      "type": "null_resource",
      "name": "docker_build",
      "provider": "provider[\"registry.terraform.io/hashicorp/null\"]",
      "instances": [
        {
          "schema_version": 0,
          "attributes": {
            "id": "7539195204031318865",
            "triggers": {
              "always_run": "2023-02-14T06:20:57Z"
            }
          },
          "sensitive_attributes": [],
          "private": "bnVsbA==",
          "dependencies": [
            "azurerm_container_registry.container_registry"
          ]
        }
      ]
    },
    {
      "module": "module.gateway-microservice",
      "mode": "managed",
      "type": "null_resource",
      "name": "docker_login",
      "provider": "provider[\"registry.terraform.io/hashicorp/null\"]",
      "instances": [
        {
          "schema_version": 0,
          "attributes": {
            "id": "528281109732212712",
            "triggers": {
              "always_run": "2023-02-14T06:22:35Z"
            }
          },
          "sensitive_attributes": [],
          "private": "bnVsbA==",
          "dependencies": [
            "azurerm_container_registry.container_registry",
            "module.gateway-microservice.null_resource.docker_build"
          ]
        }
      ]
    },
    {
      "module": "module.gateway-microservice",
      "mode": "managed",
      "type": "null_resource",
      "name": "docker_push",
      "provider": "provider[\"registry.terraform.io/hashicorp/null\"]",
      "instances": [
        {
          "schema_version": 0,
          "attributes": {
            "id": "5259457073381705764",
            "triggers": {
              "always_run": "2023-02-14T06:22:43Z"
            }
          },
          "sensitive_attributes": [],
          "private": "bnVsbA==",
          "dependencies": [
            "azurerm_container_registry.container_registry",
            "module.gateway-microservice.null_resource.docker_build",
            "module.gateway-microservice.null_resource.docker_login"
          ]
        }
      ]
    },
    {
      "module": "module.history-microservice",
      "mode": "managed",
      "type": "kubernetes_deployment",
      "name": "service_deployment",
      "provider": "provider[\"registry.terraform.io/hashicorp/kubernetes\"]",
      "instances": [
        {
          "schema_version": 1,
          "attributes": {
            "id": "default/history",
            "metadata": [
              {
                "annotations": null,
                "generate_name": "",
                "generation": 1,
                "labels": {
                  "pod": "history"
                },
                "name": "history",
                "namespace": "default",
                "resource_version": "2816",
                "uid": "69326265-2d4e-45e6-b71e-029ffefe605f"
              }
            ],
            "spec": [
              {
                "min_ready_seconds": 0,
                "paused": false,
                "progress_deadline_seconds": 600,
                "replicas": "1",
                "revision_history_limit": 10,
                "selector": [
                  {
                    "match_expressions": [],
                    "match_labels": {
                      "pod": "history"
                    }
                  }
                ],
                "strategy": [
                  {
                    "rolling_update": [
                      {
                        "max_surge": "25%",
                        "max_unavailable": "25%"
                      }
                    ],
                    "type": "RollingUpdate"
                  }
                ],
                "template": [
                  {
                    "metadata": [
                      {
                        "annotations": null,
                        "generate_name": "",
                        "generation": 0,
                        "labels": {
                          "pod": "history"
                        },
                        "name": "",
                        "namespace": "",
                        "resource_version": "",
                        "uid": ""
                      }
                    ],
                    "spec": [
                      {
                        "active_deadline_seconds": 0,
                        "affinity": [],
                        "automount_service_account_token": true,
                        "container": [
                          {
                            "args": null,
                            "command": null,
                            "env": [
                              {
                                "name": "PORT",
                                "value": "80",
                                "value_from": []
                              },
                              {
                                "name": "DBHOST",
                                "value": "mongodb://db:27017",
                                "value_from": []
                              },
                              {
                                "name": "DBNAME",
                                "value": "history",
                                "value_from": []
                              },
                              {
                                "name": "RABBIT",
                                "value": "amqp://guest:guest@rabbit:5672",
                                "value_from": []
                              }
                            ],
                            "env_from": [],
                            "image": "flixtubex9.azurecr.io/history:1",
                            "image_pull_policy": "IfNotPresent",
                            "lifecycle": [],
                            "liveness_probe": [],
                            "name": "history",
                            "port": [],
                            "readiness_probe": [],
                            "resources": [
                              {
                                "limits": {},
                                "requests": {}
                              }
                            ],
                            "security_context": [],
                            "startup_probe": [],
                            "stdin": false,
                            "stdin_once": false,
                            "termination_message_path": "/dev/termination-log",
                            "termination_message_policy": "File",
                            "tty": false,
                            "volume_mount": [],
                            "working_dir": ""
                          }
                        ],
                        "dns_config": [],
                        "dns_policy": "ClusterFirst",
                        "enable_service_links": true,
                        "host_aliases": [],
                        "host_ipc": false,
                        "host_network": false,
                        "host_pid": false,
                        "hostname": "",
                        "image_pull_secrets": [
                          {
                            "name": "history-docker-credentials"
                          }
                        ],
                        "init_container": [],
                        "node_name": "",
                        "node_selector": null,
                        "priority_class_name": "",
                        "readiness_gate": [],
                        "restart_policy": "Always",
                        "runtime_class_name": "",
                        "security_context": [],
                        "service_account_name": "",
                        "share_process_namespace": false,
                        "subdomain": "",
                        "termination_grace_period_seconds": 30,
                        "toleration": [],
                        "topology_spread_constraint": [],
                        "volume": []
                      }
                    ]
                  }
                ]
              }
            ],
            "timeouts": null,
            "wait_for_rollout": true
          },
          "sensitive_attributes": [],
          "private": "eyJlMmJmYjczMC1lY2FhLTExZTYtOGY4OC0zNDM2M2JjN2M0YzAiOnsiY3JlYXRlIjo2MDAwMDAwMDAwMDAsImRlbGV0ZSI6NjAwMDAwMDAwMDAwLCJ1cGRhdGUiOjYwMDAwMDAwMDAwMH0sInNjaGVtYV92ZXJzaW9uIjoiMSJ9",
          "dependencies": [
            "azurerm_container_registry.container_registry",
            "azurerm_kubernetes_cluster.cluster",
            "module.history-microservice.kubernetes_secret.docker_credentials",
            "module.history-microservice.null_resource.docker_build",
            "module.history-microservice.null_resource.docker_login",
            "module.history-microservice.null_resource.docker_push"
          ]
        }
      ]
    },
    {
      "module": "module.history-microservice",
      "mode": "managed",
      "type": "kubernetes_secret",
      "name": "docker_credentials",
      "provider": "provider[\"registry.terraform.io/hashicorp/kubernetes\"]",
      "instances": [
        {
          "schema_version": 0,
          "attributes": {
            "binary_data": null,
            "data": {
              ".dockerconfigjson": "{\"auths\":{\"flixtubex9.azurecr.io\":{\"auth\":\"ZmxpeHR1YmV4OTovSDhEeDArdFE5VUQ3aW40NFhoaVI1M3ZjRU9mQzRDQ1VsVDZWUXR4S3crQUNSRFNtc2VJ\"}}}"
            },
            "id": "default/history-docker-credentials",
            "immutable": false,
            "metadata": [
              {
                "annotations": {},
                "generate_name": "",
                "generation": 0,
                "labels": {},
                "name": "history-docker-credentials",
                "namespace": "default",
                "resource_version": "1155",
                "uid": "82e00098-b652-42e5-af5e-98069c17f474"
              }
            ],
            "timeouts": null,
            "type": "kubernetes.io/dockerconfigjson",
            "wait_for_service_account_token": true
          },
          "sensitive_attributes": [
            [
              {
                "type": "get_attr",
                "value": "data"
              },
              {
                "type": "index",
                "value": {
                  "value": ".dockerconfigjson",
                  "type": "string"
                }
              }
            ]
          ],
          "private": "eyJlMmJmYjczMC1lY2FhLTExZTYtOGY4OC0zNDM2M2JjN2M0YzAiOnsiY3JlYXRlIjo2MDAwMDAwMDAwMH19",
          "dependencies": [
            "azurerm_container_registry.container_registry",
            "azurerm_kubernetes_cluster.cluster",
            "azurerm_resource_group.flixtubex9",
            "tls_private_key.key"
          ]
        }
      ]
    },
    {
      "module": "module.history-microservice",
      "mode": "managed",
      "type": "kubernetes_service",
      "name": "service",
      "provider": "provider[\"registry.terraform.io/hashicorp/kubernetes\"]",
      "instances": [
        {
          "schema_version": 1,
          "attributes": {
            "id": "default/history",
            "metadata": [
              {
                "annotations": null,
                "generate_name": "",
                "generation": 0,
                "labels": null,
                "name": "history",
                "namespace": "default",
                "resource_version": "2822",
                "uid": "18b74416-186c-4f4b-b88d-4e2a2d290d6b"
              }
            ],
            "spec": [
              {
                "allocate_load_balancer_node_ports": true,
                "cluster_ip": "10.0.81.34",
                "cluster_ips": [
                  "10.0.81.34"
                ],
                "external_ips": null,
                "external_name": "",
                "external_traffic_policy": "",
                "health_check_node_port": 0,
                "internal_traffic_policy": "Cluster",
                "ip_families": [
                  "IPv4"
                ],
                "ip_family_policy": "SingleStack",
                "load_balancer_class": "",
                "load_balancer_ip": "",
                "load_balancer_source_ranges": null,
                "port": [
                  {
                    "app_protocol": "",
                    "name": "",
                    "node_port": 0,
                    "port": 80,
                    "protocol": "TCP",
                    "target_port": "80"
                  }
                ],
                "publish_not_ready_addresses": false,
                "selector": {
                  "pod": "history"
                },
                "session_affinity": "None",
                "session_affinity_config": [],
                "type": "ClusterIP"
              }
            ],
            "status": [
              {
                "load_balancer": [
                  {
                    "ingress": []
                  }
                ]
              }
            ],
            "timeouts": null,
            "wait_for_load_balancer": true
          },
          "sensitive_attributes": [],
          "private": "eyJlMmJmYjczMC1lY2FhLTExZTYtOGY4OC0zNDM2M2JjN2M0YzAiOnsiY3JlYXRlIjo2MDAwMDAwMDAwMDB9LCJzY2hlbWFfdmVyc2lvbiI6IjEifQ==",
          "dependencies": [
            "azurerm_container_registry.container_registry",
            "azurerm_kubernetes_cluster.cluster",
            "module.history-microservice.kubernetes_deployment.service_deployment",
            "module.history-microservice.kubernetes_secret.docker_credentials",
            "module.history-microservice.null_resource.docker_build",
            "module.history-microservice.null_resource.docker_login",
            "module.history-microservice.null_resource.docker_push"
          ]
        }
      ]
    },
    {
      "module": "module.history-microservice",
      "mode": "managed",
      "type": "null_resource",
      "name": "docker_build",
      "provider": "provider[\"registry.terraform.io/hashicorp/null\"]",
      "instances": [
        {
          "schema_version": 0,
          "attributes": {
            "id": "152169962642112800",
            "triggers": {
              "always_run": "2023-02-14T06:20:57Z"
            }
          },
          "sensitive_attributes": [],
          "private": "bnVsbA==",
          "dependencies": [
            "azurerm_container_registry.container_registry"
          ]
        }
      ]
    },
    {
      "module": "module.history-microservice",
      "mode": "managed",
      "type": "null_resource",
      "name": "docker_login",
      "provider": "provider[\"registry.terraform.io/hashicorp/null\"]",
      "instances": [
        {
          "schema_version": 0,
          "attributes": {
            "id": "3861540335627928698",
            "triggers": {
              "always_run": "2023-02-14T06:23:42Z"
            }
          },
          "sensitive_attributes": [],
          "private": "bnVsbA==",
          "dependencies": [
            "azurerm_container_registry.container_registry",
            "module.history-microservice.null_resource.docker_build"
          ]
        }
      ]
    },
    {
      "module": "module.history-microservice",
      "mode": "managed",
      "type": "null_resource",
      "name": "docker_push",
      "provider": "provider[\"registry.terraform.io/hashicorp/null\"]",
      "instances": [
        {
          "schema_version": 0,
          "attributes": {
            "id": "708820863232914888",
            "triggers": {
              "always_run": "2023-02-14T06:23:47Z"
            }
          },
          "sensitive_attributes": [],
          "private": "bnVsbA==",
          "dependencies": [
            "azurerm_container_registry.container_registry",
            "module.history-microservice.null_resource.docker_build",
            "module.history-microservice.null_resource.docker_login"
          ]
        }
      ]
    },
    {
      "module": "module.metadata-microservice",
      "mode": "managed",
      "type": "kubernetes_deployment",
      "name": "service_deployment",
      "provider": "provider[\"registry.terraform.io/hashicorp/kubernetes\"]",
      "instances": [
        {
          "schema_version": 1,
          "attributes": {
            "id": "default/metadata",
            "metadata": [
              {
                "annotations": null,
                "generate_name": "",
                "generation": 1,
                "labels": {
                  "pod": "metadata"
                },
                "name": "metadata",
                "namespace": "default",
                "resource_version": "2763",
                "uid": "2cb34298-4497-4efe-96c7-da34722465fc"
              }
            ],
            "spec": [
              {
                "min_ready_seconds": 0,
                "paused": false,
                "progress_deadline_seconds": 600,
                "replicas": "1",
                "revision_history_limit": 10,
                "selector": [
                  {
                    "match_expressions": [],
                    "match_labels": {
                      "pod": "metadata"
                    }
                  }
                ],
                "strategy": [
                  {
                    "rolling_update": [
                      {
                        "max_surge": "25%",
                        "max_unavailable": "25%"
                      }
                    ],
                    "type": "RollingUpdate"
                  }
                ],
                "template": [
                  {
                    "metadata": [
                      {
                        "annotations": null,
                        "generate_name": "",
                        "generation": 0,
                        "labels": {
                          "pod": "metadata"
                        },
                        "name": "",
                        "namespace": "",
                        "resource_version": "",
                        "uid": ""
                      }
                    ],
                    "spec": [
                      {
                        "active_deadline_seconds": 0,
                        "affinity": [],
                        "automount_service_account_token": true,
                        "container": [
                          {
                            "args": null,
                            "command": null,
                            "env": [
                              {
                                "name": "PORT",
                                "value": "80",
                                "value_from": []
                              },
                              {
                                "name": "DBHOST",
                                "value": "mongodb://db:27017",
                                "value_from": []
                              },
                              {
                                "name": "DBNAME",
                                "value": "metadata",
                                "value_from": []
                              },
                              {
                                "name": "RABBIT",
                                "value": "amqp://guest:guest@rabbit:5672",
                                "value_from": []
                              }
                            ],
                            "env_from": [],
                            "image": "flixtubex9.azurecr.io/metadata:1",
                            "image_pull_policy": "IfNotPresent",
                            "lifecycle": [],
                            "liveness_probe": [],
                            "name": "metadata",
                            "port": [],
                            "readiness_probe": [],
                            "resources": [
                              {
                                "limits": {},
                                "requests": {}
                              }
                            ],
                            "security_context": [],
                            "startup_probe": [],
                            "stdin": false,
                            "stdin_once": false,
                            "termination_message_path": "/dev/termination-log",
                            "termination_message_policy": "File",
                            "tty": false,
                            "volume_mount": [],
                            "working_dir": ""
                          }
                        ],
                        "dns_config": [],
                        "dns_policy": "ClusterFirst",
                        "enable_service_links": true,
                        "host_aliases": [],
                        "host_ipc": false,
                        "host_network": false,
                        "host_pid": false,
                        "hostname": "",
                        "image_pull_secrets": [
                          {
                            "name": "metadata-docker-credentials"
                          }
                        ],
                        "init_container": [],
                        "node_name": "",
                        "node_selector": null,
                        "priority_class_name": "",
                        "readiness_gate": [],
                        "restart_policy": "Always",
                        "runtime_class_name": "",
                        "security_context": [],
                        "service_account_name": "",
                        "share_process_namespace": false,
                        "subdomain": "",
                        "termination_grace_period_seconds": 30,
                        "toleration": [],
                        "topology_spread_constraint": [],
                        "volume": []
                      }
                    ]
                  }
                ]
              }
            ],
            "timeouts": null,
            "wait_for_rollout": true
          },
          "sensitive_attributes": [],
          "private": "eyJlMmJmYjczMC1lY2FhLTExZTYtOGY4OC0zNDM2M2JjN2M0YzAiOnsiY3JlYXRlIjo2MDAwMDAwMDAwMDAsImRlbGV0ZSI6NjAwMDAwMDAwMDAwLCJ1cGRhdGUiOjYwMDAwMDAwMDAwMH0sInNjaGVtYV92ZXJzaW9uIjoiMSJ9",
          "dependencies": [
            "azurerm_container_registry.container_registry",
            "azurerm_kubernetes_cluster.cluster",
            "module.metadata-microservice.kubernetes_secret.docker_credentials",
            "module.metadata-microservice.null_resource.docker_build",
            "module.metadata-microservice.null_resource.docker_login",
            "module.metadata-microservice.null_resource.docker_push"
          ]
        }
      ]
    },
    {
      "module": "module.metadata-microservice",
      "mode": "managed",
      "type": "kubernetes_secret",
      "name": "docker_credentials",
      "provider": "provider[\"registry.terraform.io/hashicorp/kubernetes\"]",
      "instances": [
        {
          "schema_version": 0,
          "attributes": {
            "binary_data": null,
            "data": {
              ".dockerconfigjson": "{\"auths\":{\"flixtubex9.azurecr.io\":{\"auth\":\"ZmxpeHR1YmV4OTovSDhEeDArdFE5VUQ3aW40NFhoaVI1M3ZjRU9mQzRDQ1VsVDZWUXR4S3crQUNSRFNtc2VJ\"}}}"
            },
            "id": "default/metadata-docker-credentials",
            "immutable": false,
            "metadata": [
              {
                "annotations": {},
                "generate_name": "",
                "generation": 0,
                "labels": {},
                "name": "metadata-docker-credentials",
                "namespace": "default",
                "resource_version": "1153",
                "uid": "3da7e233-6885-4e28-af32-cd9360f1e8ad"
              }
            ],
            "timeouts": null,
            "type": "kubernetes.io/dockerconfigjson",
            "wait_for_service_account_token": true
          },
          "sensitive_attributes": [
            [
              {
                "type": "get_attr",
                "value": "data"
              },
              {
                "type": "index",
                "value": {
                  "value": ".dockerconfigjson",
                  "type": "string"
                }
              }
            ]
          ],
          "private": "eyJlMmJmYjczMC1lY2FhLTExZTYtOGY4OC0zNDM2M2JjN2M0YzAiOnsiY3JlYXRlIjo2MDAwMDAwMDAwMH19",
          "dependencies": [
            "azurerm_container_registry.container_registry",
            "azurerm_kubernetes_cluster.cluster",
            "azurerm_resource_group.flixtubex9",
            "tls_private_key.key"
          ]
        }
      ]
    },
    {
      "module": "module.metadata-microservice",
      "mode": "managed",
      "type": "kubernetes_service",
      "name": "service",
      "provider": "provider[\"registry.terraform.io/hashicorp/kubernetes\"]",
      "instances": [
        {
          "schema_version": 1,
          "attributes": {
            "id": "default/metadata",
            "metadata": [
              {
                "annotations": null,
                "generate_name": "",
                "generation": 0,
                "labels": null,
                "name": "metadata",
                "namespace": "default",
                "resource_version": "2775",
                "uid": "e4f834ba-bf46-4fb4-b93c-5dfa874002e7"
              }
            ],
            "spec": [
              {
                "allocate_load_balancer_node_ports": true,
                "cluster_ip": "10.0.17.99",
                "cluster_ips": [
                  "10.0.17.99"
                ],
                "external_ips": null,
                "external_name": "",
                "external_traffic_policy": "",
                "health_check_node_port": 0,
                "internal_traffic_policy": "Cluster",
                "ip_families": [
                  "IPv4"
                ],
                "ip_family_policy": "SingleStack",
                "load_balancer_class": "",
                "load_balancer_ip": "",
                "load_balancer_source_ranges": null,
                "port": [
                  {
                    "app_protocol": "",
                    "name": "",
                    "node_port": 0,
                    "port": 80,
                    "protocol": "TCP",
                    "target_port": "80"
                  }
                ],
                "publish_not_ready_addresses": false,
                "selector": {
                  "pod": "metadata"
                },
                "session_affinity": "None",
                "session_affinity_config": [],
                "type": "ClusterIP"
              }
            ],
            "status": [
              {
                "load_balancer": [
                  {
                    "ingress": []
                  }
                ]
              }
            ],
            "timeouts": null,
            "wait_for_load_balancer": true
          },
          "sensitive_attributes": [],
          "private": "eyJlMmJmYjczMC1lY2FhLTExZTYtOGY4OC0zNDM2M2JjN2M0YzAiOnsiY3JlYXRlIjo2MDAwMDAwMDAwMDB9LCJzY2hlbWFfdmVyc2lvbiI6IjEifQ==",
          "dependencies": [
            "azurerm_container_registry.container_registry",
            "azurerm_kubernetes_cluster.cluster",
            "module.metadata-microservice.kubernetes_deployment.service_deployment",
            "module.metadata-microservice.kubernetes_secret.docker_credentials",
            "module.metadata-microservice.null_resource.docker_build",
            "module.metadata-microservice.null_resource.docker_login",
            "module.metadata-microservice.null_resource.docker_push"
          ]
        }
      ]
    },
    {
      "module": "module.metadata-microservice",
      "mode": "managed",
      "type": "null_resource",
      "name": "docker_build",
      "provider": "provider[\"registry.terraform.io/hashicorp/null\"]",
      "instances": [
        {
          "schema_version": 0,
          "attributes": {
            "id": "4956191431049846813",
            "triggers": {
              "always_run": "2023-02-14T06:20:57Z"
            }
          },
          "sensitive_attributes": [],
          "private": "bnVsbA==",
          "dependencies": [
            "azurerm_container_registry.container_registry"
          ]
        }
      ]
    },
    {
      "module": "module.metadata-microservice",
      "mode": "managed",
      "type": "null_resource",
      "name": "docker_login",
      "provider": "provider[\"registry.terraform.io/hashicorp/null\"]",
      "instances": [
        {
          "schema_version": 0,
          "attributes": {
            "id": "3351134635712479959",
            "triggers": {
              "always_run": "2023-02-14T06:23:23Z"
            }
          },
          "sensitive_attributes": [],
          "private": "bnVsbA==",
          "dependencies": [
            "azurerm_container_registry.container_registry",
            "module.metadata-microservice.null_resource.docker_build"
          ]
        }
      ]
    },
    {
      "module": "module.metadata-microservice",
      "mode": "managed",
      "type": "null_resource",
      "name": "docker_push",
      "provider": "provider[\"registry.terraform.io/hashicorp/null\"]",
      "instances": [
        {
          "schema_version": 0,
          "attributes": {
            "id": "5596010698523511602",
            "triggers": {
              "always_run": "2023-02-14T06:23:28Z"
            }
          },
          "sensitive_attributes": [],
          "private": "bnVsbA==",
          "dependencies": [
            "azurerm_container_registry.container_registry",
            "module.metadata-microservice.null_resource.docker_build",
            "module.metadata-microservice.null_resource.docker_login"
          ]
        }
      ]
    },
    {
      "module": "module.video-streaming-microservice",
      "mode": "managed",
      "type": "kubernetes_deployment",
      "name": "service_deployment",
      "provider": "provider[\"registry.terraform.io/hashicorp/kubernetes\"]",
      "instances": [
        {
          "schema_version": 1,
          "attributes": {
            "id": "default/video-streaming",
            "metadata": [
              {
                "annotations": null,
                "generate_name": "",
                "generation": 1,
                "labels": {
                  "pod": "video-streaming"
                },
                "name": "video-streaming",
                "namespace": "default",
                "resource_version": "2655",
                "uid": "ac1cf101-87be-4448-af21-f45046aaecf0"
              }
            ],
            "spec": [
              {
                "min_ready_seconds": 0,
                "paused": false,
                "progress_deadline_seconds": 600,
                "replicas": "1",
                "revision_history_limit": 10,
                "selector": [
                  {
                    "match_expressions": [],
                    "match_labels": {
                      "pod": "video-streaming"
                    }
                  }
                ],
                "strategy": [
                  {
                    "rolling_update": [
                      {
                        "max_surge": "25%",
                        "max_unavailable": "25%"
                      }
                    ],
                    "type": "RollingUpdate"
                  }
                ],
                "template": [
                  {
                    "metadata": [
                      {
                        "annotations": null,
                        "generate_name": "",
                        "generation": 0,
                        "labels": {
                          "pod": "video-streaming"
                        },
                        "name": "",
                        "namespace": "",
                        "resource_version": "",
                        "uid": ""
                      }
                    ],
                    "spec": [
                      {
                        "active_deadline_seconds": 0,
                        "affinity": [],
                        "automount_service_account_token": true,
                        "container": [
                          {
                            "args": null,
                            "command": null,
                            "env": [
                              {
                                "name": "PORT",
                                "value": "80",
                                "value_from": []
                              },
                              {
                                "name": "RABBIT",
                                "value": "amqp://guest:guest@rabbit:5672",
                                "value_from": []
                              }
                            ],
                            "env_from": [],
                            "image": "flixtubex9.azurecr.io/video-streaming:1",
                            "image_pull_policy": "IfNotPresent",
                            "lifecycle": [],
                            "liveness_probe": [],
                            "name": "video-streaming",
                            "port": [],
                            "readiness_probe": [],
                            "resources": [
                              {
                                "limits": {},
                                "requests": {}
                              }
                            ],
                            "security_context": [],
                            "startup_probe": [],
                            "stdin": false,
                            "stdin_once": false,
                            "termination_message_path": "/dev/termination-log",
                            "termination_message_policy": "File",
                            "tty": false,
                            "volume_mount": [],
                            "working_dir": ""
                          }
                        ],
                        "dns_config": [],
                        "dns_policy": "ClusterFirst",
                        "enable_service_links": true,
                        "host_aliases": [],
                        "host_ipc": false,
                        "host_network": false,
                        "host_pid": false,
                        "hostname": "",
                        "image_pull_secrets": [
                          {
                            "name": "video-streaming-docker-credentials"
                          }
                        ],
                        "init_container": [],
                        "node_name": "",
                        "node_selector": null,
                        "priority_class_name": "",
                        "readiness_gate": [],
                        "restart_policy": "Always",
                        "runtime_class_name": "",
                        "security_context": [],
                        "service_account_name": "",
                        "share_process_namespace": false,
                        "subdomain": "",
                        "termination_grace_period_seconds": 30,
                        "toleration": [],
                        "topology_spread_constraint": [],
                        "volume": []
                      }
                    ]
                  }
                ]
              }
            ],
            "timeouts": null,
            "wait_for_rollout": true
          },
          "sensitive_attributes": [],
          "private": "eyJlMmJmYjczMC1lY2FhLTExZTYtOGY4OC0zNDM2M2JjN2M0YzAiOnsiY3JlYXRlIjo2MDAwMDAwMDAwMDAsImRlbGV0ZSI6NjAwMDAwMDAwMDAwLCJ1cGRhdGUiOjYwMDAwMDAwMDAwMH0sInNjaGVtYV92ZXJzaW9uIjoiMSJ9",
          "dependencies": [
            "azurerm_container_registry.container_registry",
            "azurerm_kubernetes_cluster.cluster",
            "module.video-streaming-microservice.kubernetes_secret.docker_credentials",
            "module.video-streaming-microservice.null_resource.docker_build",
            "module.video-streaming-microservice.null_resource.docker_login",
            "module.video-streaming-microservice.null_resource.docker_push"
          ]
        }
      ]
    },
    {
      "module": "module.video-streaming-microservice",
      "mode": "managed",
      "type": "kubernetes_secret",
      "name": "docker_credentials",
      "provider": "provider[\"registry.terraform.io/hashicorp/kubernetes\"]",
      "instances": [
        {
          "schema_version": 0,
          "attributes": {
            "binary_data": null,
            "data": {
              ".dockerconfigjson": "{\"auths\":{\"flixtubex9.azurecr.io\":{\"auth\":\"ZmxpeHR1YmV4OTovSDhEeDArdFE5VUQ3aW40NFhoaVI1M3ZjRU9mQzRDQ1VsVDZWUXR4S3crQUNSRFNtc2VJ\"}}}"
            },
            "id": "default/video-streaming-docker-credentials",
            "immutable": false,
            "metadata": [
              {
                "annotations": {},
                "generate_name": "",
                "generation": 0,
                "labels": {},
                "name": "video-streaming-docker-credentials",
                "namespace": "default",
                "resource_version": "1158",
                "uid": "70161421-c823-4726-b550-bea29b77d3d5"
              }
            ],
            "timeouts": null,
            "type": "kubernetes.io/dockerconfigjson",
            "wait_for_service_account_token": true
          },
          "sensitive_attributes": [
            [
              {
                "type": "get_attr",
                "value": "data"
              },
              {
                "type": "index",
                "value": {
                  "value": ".dockerconfigjson",
                  "type": "string"
                }
              }
            ]
          ],
          "private": "eyJlMmJmYjczMC1lY2FhLTExZTYtOGY4OC0zNDM2M2JjN2M0YzAiOnsiY3JlYXRlIjo2MDAwMDAwMDAwMH19",
          "dependencies": [
            "azurerm_container_registry.container_registry",
            "azurerm_kubernetes_cluster.cluster",
            "azurerm_resource_group.flixtubex9",
            "tls_private_key.key"
          ]
        }
      ]
    },
    {
      "module": "module.video-streaming-microservice",
      "mode": "managed",
      "type": "kubernetes_service",
      "name": "service",
      "provider": "provider[\"registry.terraform.io/hashicorp/kubernetes\"]",
      "instances": [
        {
          "schema_version": 1,
          "attributes": {
            "id": "default/video-streaming",
            "metadata": [
              {
                "annotations": null,
                "generate_name": "",
                "generation": 0,
                "labels": null,
                "name": "video-streaming",
                "namespace": "default",
                "resource_version": "2664",
                "uid": "33121489-94e4-42f5-adc2-7a9e03ceb692"
              }
            ],
            "spec": [
              {
                "allocate_load_balancer_node_ports": true,
                "cluster_ip": "10.0.52.206",
                "cluster_ips": [
                  "10.0.52.206"
                ],
                "external_ips": null,
                "external_name": "",
                "external_traffic_policy": "",
                "health_check_node_port": 0,
                "internal_traffic_policy": "Cluster",
                "ip_families": [
                  "IPv4"
                ],
                "ip_family_policy": "SingleStack",
                "load_balancer_class": "",
                "load_balancer_ip": "",
                "load_balancer_source_ranges": null,
                "port": [
                  {
                    "app_protocol": "",
                    "name": "",
                    "node_port": 0,
                    "port": 80,
                    "protocol": "TCP",
                    "target_port": "80"
                  }
                ],
                "publish_not_ready_addresses": false,
                "selector": {
                  "pod": "video-streaming"
                },
                "session_affinity": "None",
                "session_affinity_config": [],
                "type": "ClusterIP"
              }
            ],
            "status": [
              {
                "load_balancer": [
                  {
                    "ingress": []
                  }
                ]
              }
            ],
            "timeouts": null,
            "wait_for_load_balancer": true
          },
          "sensitive_attributes": [],
          "private": "eyJlMmJmYjczMC1lY2FhLTExZTYtOGY4OC0zNDM2M2JjN2M0YzAiOnsiY3JlYXRlIjo2MDAwMDAwMDAwMDB9LCJzY2hlbWFfdmVyc2lvbiI6IjEifQ==",
          "dependencies": [
            "azurerm_container_registry.container_registry",
            "azurerm_kubernetes_cluster.cluster",
            "module.video-streaming-microservice.kubernetes_deployment.service_deployment",
            "module.video-streaming-microservice.kubernetes_secret.docker_credentials",
            "module.video-streaming-microservice.null_resource.docker_build",
            "module.video-streaming-microservice.null_resource.docker_login",
            "module.video-streaming-microservice.null_resource.docker_push"
          ]
        }
      ]
    },
    {
      "module": "module.video-streaming-microservice",
      "mode": "managed",
      "type": "null_resource",
      "name": "docker_build",
      "provider": "provider[\"registry.terraform.io/hashicorp/null\"]",
      "instances": [
        {
          "schema_version": 0,
          "attributes": {
            "id": "9019372784915640094",
            "triggers": {
              "always_run": "2023-02-14T06:20:57Z"
            }
          },
          "sensitive_attributes": [],
          "private": "bnVsbA==",
          "dependencies": [
            "azurerm_container_registry.container_registry"
          ]
        }
      ]
    },
    {
      "module": "module.video-streaming-microservice",
      "mode": "managed",
      "type": "null_resource",
      "name": "docker_login",
      "provider": "provider[\"registry.terraform.io/hashicorp/null\"]",
      "instances": [
        {
          "schema_version": 0,
          "attributes": {
            "id": "9027732220365111415",
            "triggers": {
              "always_run": "2023-02-14T06:23:10Z"
            }
          },
          "sensitive_attributes": [],
          "private": "bnVsbA==",
          "dependencies": [
            "azurerm_container_registry.container_registry",
            "module.video-streaming-microservice.null_resource.docker_build"
          ]
        }
      ]
    },
    {
      "module": "module.video-streaming-microservice",
      "mode": "managed",
      "type": "null_resource",
      "name": "docker_push",
      "provider": "provider[\"registry.terraform.io/hashicorp/null\"]",
      "instances": [
        {
          "schema_version": 0,
          "attributes": {
            "id": "4434523648600974380",
            "triggers": {
              "always_run": "2023-02-14T06:23:14Z"
            }
          },
          "sensitive_attributes": [],
          "private": "bnVsbA==",
          "dependencies": [
            "azurerm_container_registry.container_registry",
            "module.video-streaming-microservice.null_resource.docker_build",
            "module.video-streaming-microservice.null_resource.docker_login"
          ]
        }
      ]
    },
    {
      "module": "module.video-upload-microservice",
      "mode": "managed",
      "type": "kubernetes_deployment",
      "name": "service_deployment",
      "provider": "provider[\"registry.terraform.io/hashicorp/kubernetes\"]",
      "instances": [
        {
          "schema_version": 1,
          "attributes": {
            "id": "default/video-upload",
            "metadata": [
              {
                "annotations": null,
                "generate_name": "",
                "generation": 1,
                "labels": {
                  "pod": "video-upload"
                },
                "name": "video-upload",
                "namespace": "default",
                "resource_version": "2859",
                "uid": "0d58848a-25e6-4419-a632-57765f542af6"
              }
            ],
            "spec": [
              {
                "min_ready_seconds": 0,
                "paused": false,
                "progress_deadline_seconds": 600,
                "replicas": "1",
                "revision_history_limit": 10,
                "selector": [
                  {
                    "match_expressions": [],
                    "match_labels": {
                      "pod": "video-upload"
                    }
                  }
                ],
                "strategy": [
                  {
                    "rolling_update": [
                      {
                        "max_surge": "25%",
                        "max_unavailable": "25%"
                      }
                    ],
                    "type": "RollingUpdate"
                  }
                ],
                "template": [
                  {
                    "metadata": [
                      {
                        "annotations": null,
                        "generate_name": "",
                        "generation": 0,
                        "labels": {
                          "pod": "video-upload"
                        },
                        "name": "",
                        "namespace": "",
                        "resource_version": "",
                        "uid": ""
                      }
                    ],
                    "spec": [
                      {
                        "active_deadline_seconds": 0,
                        "affinity": [],
                        "automount_service_account_token": true,
                        "container": [
                          {
                            "args": null,
                            "command": null,
                            "env": [
                              {
                                "name": "PORT",
                                "value": "80",
                                "value_from": []
                              },
                              {
                                "name": "RABBIT",
                                "value": "amqp://guest:guest@rabbit:5672",
                                "value_from": []
                              }
                            ],
                            "env_from": [],
                            "image": "flixtubex9.azurecr.io/video-upload:1",
                            "image_pull_policy": "IfNotPresent",
                            "lifecycle": [],
                            "liveness_probe": [],
                            "name": "video-upload",
                            "port": [],
                            "readiness_probe": [],
                            "resources": [
                              {
                                "limits": {},
                                "requests": {}
                              }
                            ],
                            "security_context": [],
                            "startup_probe": [],
                            "stdin": false,
                            "stdin_once": false,
                            "termination_message_path": "/dev/termination-log",
                            "termination_message_policy": "File",
                            "tty": false,
                            "volume_mount": [],
                            "working_dir": ""
                          }
                        ],
                        "dns_config": [],
                        "dns_policy": "ClusterFirst",
                        "enable_service_links": true,
                        "host_aliases": [],
                        "host_ipc": false,
                        "host_network": false,
                        "host_pid": false,
                        "hostname": "",
                        "image_pull_secrets": [
                          {
                            "name": "video-upload-docker-credentials"
                          }
                        ],
                        "init_container": [],
                        "node_name": "",
                        "node_selector": null,
                        "priority_class_name": "",
                        "readiness_gate": [],
                        "restart_policy": "Always",
                        "runtime_class_name": "",
                        "security_context": [],
                        "service_account_name": "",
                        "share_process_namespace": false,
                        "subdomain": "",
                        "termination_grace_period_seconds": 30,
                        "toleration": [],
                        "topology_spread_constraint": [],
                        "volume": []
                      }
                    ]
                  }
                ]
              }
            ],
            "timeouts": null,
            "wait_for_rollout": true
          },
          "sensitive_attributes": [],
          "private": "eyJlMmJmYjczMC1lY2FhLTExZTYtOGY4OC0zNDM2M2JjN2M0YzAiOnsiY3JlYXRlIjo2MDAwMDAwMDAwMDAsImRlbGV0ZSI6NjAwMDAwMDAwMDAwLCJ1cGRhdGUiOjYwMDAwMDAwMDAwMH0sInNjaGVtYV92ZXJzaW9uIjoiMSJ9",
          "dependencies": [
            "azurerm_container_registry.container_registry",
            "azurerm_kubernetes_cluster.cluster",
            "module.video-upload-microservice.kubernetes_secret.docker_credentials",
            "module.video-upload-microservice.null_resource.docker_build",
            "module.video-upload-microservice.null_resource.docker_login",
            "module.video-upload-microservice.null_resource.docker_push"
          ]
        }
      ]
    },
    {
      "module": "module.video-upload-microservice",
      "mode": "managed",
      "type": "kubernetes_secret",
      "name": "docker_credentials",
      "provider": "provider[\"registry.terraform.io/hashicorp/kubernetes\"]",
      "instances": [
        {
          "schema_version": 0,
          "attributes": {
            "binary_data": null,
            "data": {
              ".dockerconfigjson": "{\"auths\":{\"flixtubex9.azurecr.io\":{\"auth\":\"ZmxpeHR1YmV4OTovSDhEeDArdFE5VUQ3aW40NFhoaVI1M3ZjRU9mQzRDQ1VsVDZWUXR4S3crQUNSRFNtc2VJ\"}}}"
            },
            "id": "default/video-upload-docker-credentials",
            "immutable": false,
            "metadata": [
              {
                "annotations": {},
                "generate_name": "",
                "generation": 0,
                "labels": {},
                "name": "video-upload-docker-credentials",
                "namespace": "default",
                "resource_version": "1157",
                "uid": "e890a322-452a-4681-ae14-d5e1df858408"
              }
            ],
            "timeouts": null,
            "type": "kubernetes.io/dockerconfigjson",
            "wait_for_service_account_token": true
          },
          "sensitive_attributes": [
            [
              {
                "type": "get_attr",
                "value": "data"
              },
              {
                "type": "index",
                "value": {
                  "value": ".dockerconfigjson",
                  "type": "string"
                }
              }
            ]
          ],
          "private": "eyJlMmJmYjczMC1lY2FhLTExZTYtOGY4OC0zNDM2M2JjN2M0YzAiOnsiY3JlYXRlIjo2MDAwMDAwMDAwMH19",
          "dependencies": [
            "azurerm_container_registry.container_registry",
            "azurerm_kubernetes_cluster.cluster",
            "azurerm_resource_group.flixtubex9",
            "tls_private_key.key"
          ]
        }
      ]
    },
    {
      "module": "module.video-upload-microservice",
      "mode": "managed",
      "type": "kubernetes_service",
      "name": "service",
      "provider": "provider[\"registry.terraform.io/hashicorp/kubernetes\"]",
      "instances": [
        {
          "schema_version": 1,
          "attributes": {
            "id": "default/video-upload",
            "metadata": [
              {
                "annotations": null,
                "generate_name": "",
                "generation": 0,
                "labels": null,
                "name": "video-upload",
                "namespace": "default",
                "resource_version": "2862",
                "uid": "2039ce76-def6-4257-a8ec-37fdbea158fe"
              }
            ],
            "spec": [
              {
                "allocate_load_balancer_node_ports": true,
                "cluster_ip": "10.0.50.118",
                "cluster_ips": [
                  "10.0.50.118"
                ],
                "external_ips": null,
                "external_name": "",
                "external_traffic_policy": "",
                "health_check_node_port": 0,
                "internal_traffic_policy": "Cluster",
                "ip_families": [
                  "IPv4"
                ],
                "ip_family_policy": "SingleStack",
                "load_balancer_class": "",
                "load_balancer_ip": "",
                "load_balancer_source_ranges": null,
                "port": [
                  {
                    "app_protocol": "",
                    "name": "",
                    "node_port": 0,
                    "port": 80,
                    "protocol": "TCP",
                    "target_port": "80"
                  }
                ],
                "publish_not_ready_addresses": false,
                "selector": {
                  "pod": "video-upload"
                },
                "session_affinity": "None",
                "session_affinity_config": [],
                "type": "ClusterIP"
              }
            ],
            "status": [
              {
                "load_balancer": [
                  {
                    "ingress": []
                  }
                ]
              }
            ],
            "timeouts": null,
            "wait_for_load_balancer": true
          },
          "sensitive_attributes": [],
          "private": "eyJlMmJmYjczMC1lY2FhLTExZTYtOGY4OC0zNDM2M2JjN2M0YzAiOnsiY3JlYXRlIjo2MDAwMDAwMDAwMDB9LCJzY2hlbWFfdmVyc2lvbiI6IjEifQ==",
          "dependencies": [
            "azurerm_container_registry.container_registry",
            "azurerm_kubernetes_cluster.cluster",
            "module.video-upload-microservice.kubernetes_deployment.service_deployment",
            "module.video-upload-microservice.kubernetes_secret.docker_credentials",
            "module.video-upload-microservice.null_resource.docker_build",
            "module.video-upload-microservice.null_resource.docker_login",
            "module.video-upload-microservice.null_resource.docker_push"
          ]
        }
      ]
    },
    {
      "module": "module.video-upload-microservice",
      "mode": "managed",
      "type": "null_resource",
      "name": "docker_build",
      "provider": "provider[\"registry.terraform.io/hashicorp/null\"]",
      "instances": [
        {
          "schema_version": 0,
          "attributes": {
            "id": "1057083333209543025",
            "triggers": {
              "always_run": "2023-02-14T06:20:57Z"
            }
          },
          "sensitive_attributes": [],
          "private": "bnVsbA==",
          "dependencies": [
            "azurerm_container_registry.container_registry"
          ]
        }
      ]
    },
    {
      "module": "module.video-upload-microservice",
      "mode": "managed",
      "type": "null_resource",
      "name": "docker_login",
      "provider": "provider[\"registry.terraform.io/hashicorp/null\"]",
      "instances": [
        {
          "schema_version": 0,
          "attributes": {
            "id": "7098575545425972772",
            "triggers": {
              "always_run": "2023-02-14T06:23:47Z"
            }
          },
          "sensitive_attributes": [],
          "private": "bnVsbA==",
          "dependencies": [
            "azurerm_container_registry.container_registry",
            "module.video-upload-microservice.null_resource.docker_build"
          ]
        }
      ]
    },
    {
      "module": "module.video-upload-microservice",
      "mode": "managed",
      "type": "null_resource",
      "name": "docker_push",
      "provider": "provider[\"registry.terraform.io/hashicorp/null\"]",
      "instances": [
        {
          "schema_version": 0,
          "attributes": {
            "id": "3578273415604580733",
            "triggers": {
              "always_run": "2023-02-14T06:23:51Z"
            }
          },
          "sensitive_attributes": [],
          "private": "bnVsbA==",
          "dependencies": [
            "azurerm_container_registry.container_registry",
            "module.video-upload-microservice.null_resource.docker_build",
            "module.video-upload-microservice.null_resource.docker_login"
          ]
        }
      ]
    }
  ],
  "check_results": null
}
